
Microsoft Visual Studio Solution File, Format Version 12.00
# Visual Studio 15
VisualStudioVersion = 15.0.28307.168
MinimumVisualStudioVersion = 10.0.40219.1
Project("{FAE04EC0-301F-11D3-BF4B-00C04F79EFBC}") = "PiLang", "Library\PiLang\PiLang.csproj", "{142AFFDB-3FA9-47D2-B28A-EC01595CFA19}"
EndProject
Project("{FAE04EC0-301F-11D3-BF4B-00C04F79EFBC}") = "Core", "Library\Core\Core.csproj", "{575091D8-A55C-4794-9F15-120E927C3305}"
EndProject
Project("{2150E333-8FDC-42A3-9474-1A3956D46DE8}") = "Test", "Test", "{633E509A-26A0-410E-BF83-91201ECBB488}"
	ProjectSection(SolutionItems) = preProject
		Test\Readme.md = Test\Readme.md
	EndProjectSection
EndProject
Project("{FAE04EC0-301F-11D3-BF4B-00C04F79EFBC}") = "TestCore", "Test\TestCore\TestCore.csproj", "{7C9C4206-DEBC-4F4E-9CC1-F44FEFBB27F3}"
EndProject
Project("{2150E333-8FDC-42A3-9474-1A3956D46DE8}") = "Libray", "Libray", "{93925AAF-A197-4A57-A6BD-EDF17C7B1B3C}"
	ProjectSection(SolutionItems) = preProject
		Library\Readme.md = Library\Readme.md
	EndProjectSection
EndProject
Project("{FAE04EC0-301F-11D3-BF4B-00C04F79EFBC}") = "TestPi", "Test\TestPi\TestPi.csproj", "{BDA73C27-6B43-4F77-8D63-6DC8445553FB}"
EndProject
Project("{FAE04EC0-301F-11D3-BF4B-00C04F79EFBC}") = "Network", "Library\Network\Network.csproj", "{CDF87E43-0A6B-48E4-BD94-C44E35592AD4}"
EndProject
Project("{2150E333-8FDC-42A3-9474-1A3956D46DE8}") = "App", "App", "{7E50329A-E782-4AF6-B6BE-E0AB3FF26C82}"
EndProject
Project("{9A19103F-16F7-4668-BE54-9A1E7A4F7556}") = "Console", "App\Console\Console.csproj", "{9B8BB3BD-D8B0-48B2-B331-99B788FB087D}"
EndProject
Project("{9A19103F-16F7-4668-BE54-9A1E7A4F7556}") = "TestConsole", "Test\TestConsole\TestConsole.csproj", "{C841442A-0CD1-4AEE-9BBA-B41757E1BC45}"
EndProject
Project("{2150E333-8FDC-42A3-9474-1A3956D46DE8}") = "Doc", "Doc", "{F06FFE4A-7255-4347-B1E2-CA3296B27B59}"
	ProjectSection(SolutionItems) = preProject
		Readme.md = Readme.md
	EndProjectSection
EndProject
Project("{FAE04EC0-301F-11D3-BF4B-00C04F79EFBC}") = "NetworkGen", "App\NetworkGen\NetworkGen.csproj", "{E6CD36B6-157B-4B89-BCA0-AAAC0E56688A}"
EndProject
Project("{2150E333-8FDC-42A3-9474-1A3956D46DE8}") = "Assemblies", "Assemblies", "{3248338A-7D2F-45B1-A7D2-802BD6C7A29F}"
EndProject
Project("{FAE04EC0-301F-11D3-BF4B-00C04F79EFBC}") = "Unity", "Library\Unity\Unity.csproj", "{C1E2EA3D-BAF8-4FC6-9238-E96C65EB1B51}"
EndProject
Project("{FAE04EC0-301F-11D3-BF4B-00C04F79EFBC}") = "Executor", "Library\Executor\Executor.csproj", "{4DFE7BD2-F168-4AE7-B569-C684C1615EA7}"
EndProject
Project("{2150E333-8FDC-42A3-9474-1A3956D46DE8}") = "Ext", "Ext", "{086669FE-817A-4BD2-84A4-E1D90C667250}"
EndProject
Project("{FAE04EC0-301F-11D3-BF4B-00C04F79EFBC}") = "Flow2", "Library\Ext\Flow2\Flow2.csproj", "{18326C80-2CC4-417D-8FEE-EA608ED85636}"
EndProject
Global
	GlobalSection(SolutionConfigurationPlatforms) = preSolution
		Debug|Any CPU = Debug|Any CPU
		Release|Any CPU = Release|Any CPU
	EndGlobalSection
	GlobalSection(ProjectConfigurationPlatforms) = postSolution
		{142AFFDB-3FA9-47D2-B28A-EC01595CFA19}.Debug|Any CPU.ActiveCfg = Debug|Any CPU
		{142AFFDB-3FA9-47D2-B28A-EC01595CFA19}.Debug|Any CPU.Build.0 = Debug|Any CPU
		{142AFFDB-3FA9-47D2-B28A-EC01595CFA19}.Release|Any CPU.ActiveCfg = Release|Any CPU
		{142AFFDB-3FA9-47D2-B28A-EC01595CFA19}.Release|Any CPU.Build.0 = Release|Any CPU
		{575091D8-A55C-4794-9F15-120E927C3305}.Debug|Any CPU.ActiveCfg = Debug|Any CPU
		{575091D8-A55C-4794-9F15-120E927C3305}.Debug|Any CPU.Build.0 = Debug|Any CPU
		{575091D8-A55C-4794-9F15-120E927C3305}.Release|Any CPU.ActiveCfg = Release|Any CPU
		{575091D8-A55C-4794-9F15-120E927C3305}.Release|Any CPU.Build.0 = Release|Any CPU
		{7C9C4206-DEBC-4F4E-9CC1-F44FEFBB27F3}.Debug|Any CPU.ActiveCfg = Debug|Any CPU
		{7C9C4206-DEBC-4F4E-9CC1-F44FEFBB27F3}.Debug|Any CPU.Build.0 = Debug|Any CPU
		{7C9C4206-DEBC-4F4E-9CC1-F44FEFBB27F3}.Release|Any CPU.ActiveCfg = Release|Any CPU
		{7C9C4206-DEBC-4F4E-9CC1-F44FEFBB27F3}.Release|Any CPU.Build.0 = Release|Any CPU
		{BDA73C27-6B43-4F77-8D63-6DC8445553FB}.Debug|Any CPU.ActiveCfg = Debug|Any CPU
		{BDA73C27-6B43-4F77-8D63-6DC8445553FB}.Debug|Any CPU.Build.0 = Debug|Any CPU
		{BDA73C27-6B43-4F77-8D63-6DC8445553FB}.Release|Any CPU.ActiveCfg = Release|Any CPU
		{BDA73C27-6B43-4F77-8D63-6DC8445553FB}.Release|Any CPU.Build.0 = Release|Any CPU
		{CDF87E43-0A6B-48E4-BD94-C44E35592AD4}.Debug|Any CPU.ActiveCfg = Debug|Any CPU
		{CDF87E43-0A6B-48E4-BD94-C44E35592AD4}.Debug|Any CPU.Build.0 = Debug|Any CPU
		{CDF87E43-0A6B-48E4-BD94-C44E35592AD4}.Release|Any CPU.ActiveCfg = Release|Any CPU
		{CDF87E43-0A6B-48E4-BD94-C44E35592AD4}.Release|Any CPU.Build.0 = Release|Any CPU
		{9B8BB3BD-D8B0-48B2-B331-99B788FB087D}.Debug|Any CPU.ActiveCfg = Debug|Any CPU
		{9B8BB3BD-D8B0-48B2-B331-99B788FB087D}.Debug|Any CPU.Build.0 = Debug|Any CPU
		{9B8BB3BD-D8B0-48B2-B331-99B788FB087D}.Release|Any CPU.ActiveCfg = Release|Any CPU
		{9B8BB3BD-D8B0-48B2-B331-99B788FB087D}.Release|Any CPU.Build.0 = Release|Any CPU
		{C841442A-0CD1-4AEE-9BBA-B41757E1BC45}.Debug|Any CPU.ActiveCfg = Debug|Any CPU
		{C841442A-0CD1-4AEE-9BBA-B41757E1BC45}.Debug|Any CPU.Build.0 = Debug|Any CPU
		{C841442A-0CD1-4AEE-9BBA-B41757E1BC45}.Release|Any CPU.ActiveCfg = Release|Any CPU
		{C841442A-0CD1-4AEE-9BBA-B41757E1BC45}.Release|Any CPU.Build.0 = Release|Any CPU
		{E6CD36B6-157B-4B89-BCA0-AAAC0E56688A}.Debug|Any CPU.ActiveCfg = Debug|Any CPU
		{E6CD36B6-157B-4B89-BCA0-AAAC0E56688A}.Debug|Any CPU.Build.0 = Debug|Any CPU
		{E6CD36B6-157B-4B89-BCA0-AAAC0E56688A}.Release|Any CPU.ActiveCfg = Release|Any CPU
		{E6CD36B6-157B-4B89-BCA0-AAAC0E56688A}.Release|Any CPU.Build.0 = Release|Any CPU
		{C1E2EA3D-BAF8-4FC6-9238-E96C65EB1B51}.Debug|Any CPU.ActiveCfg = Debug|Any CPU
		{C1E2EA3D-BAF8-4FC6-9238-E96C65EB1B51}.Debug|Any CPU.Build.0 = Debug|Any CPU
		{C1E2EA3D-BAF8-4FC6-9238-E96C65EB1B51}.Release|Any CPU.ActiveCfg = Release|Any CPU
		{C1E2EA3D-BAF8-4FC6-9238-E96C65EB1B51}.Release|Any CPU.Build.0 = Release|Any CPU
		{4DFE7BD2-F168-4AE7-B569-C684C1615EA7}.Debug|Any CPU.ActiveCfg = Debug|Any CPU
		{4DFE7BD2-F168-4AE7-B569-C684C1615EA7}.Debug|Any CPU.Build.0 = Debug|Any CPU
		{4DFE7BD2-F168-4AE7-B569-C684C1615EA7}.Release|Any CPU.ActiveCfg = Release|Any CPU
		{4DFE7BD2-F168-4AE7-B569-C684C1615EA7}.Release|Any CPU.Build.0 = Release|Any CPU
		{18326C80-2CC4-417D-8FEE-EA608ED85636}.Debug|Any CPU.ActiveCfg = Debug|Any CPU
		{18326C80-2CC4-417D-8FEE-EA608ED85636}.Debug|Any CPU.Build.0 = Debug|Any CPU
		{18326C80-2CC4-417D-8FEE-EA608ED85636}.Release|Any CPU.ActiveCfg = Release|Any CPU
		{18326C80-2CC4-417D-8FEE-EA608ED85636}.Release|Any CPU.Build.0 = Release|Any CPU
	EndGlobalSection
	GlobalSection(SolutionProperties) = preSolution
		HideSolutionNode = FALSE
	EndGlobalSection
	GlobalSection(NestedProjects) = preSolution
		{142AFFDB-3FA9-47D2-B28A-EC01595CFA19} = {93925AAF-A197-4A57-A6BD-EDF17C7B1B3C}
		{575091D8-A55C-4794-9F15-120E927C3305} = {93925AAF-A197-4A57-A6BD-EDF17C7B1B3C}
		{7C9C4206-DEBC-4F4E-9CC1-F44FEFBB27F3} = {633E509A-26A0-410E-BF83-91201ECBB488}
		{BDA73C27-6B43-4F77-8D63-6DC8445553FB} = {633E509A-26A0-410E-BF83-91201ECBB488}
		{CDF87E43-0A6B-48E4-BD94-C44E35592AD4} = {93925AAF-A197-4A57-A6BD-EDF17C7B1B3C}
		{9B8BB3BD-D8B0-48B2-B331-99B788FB087D} = {7E50329A-E782-4AF6-B6BE-E0AB3FF26C82}
		{C841442A-0CD1-4AEE-9BBA-B41757E1BC45} = {633E509A-26A0-410E-BF83-91201ECBB488}
		{E6CD36B6-157B-4B89-BCA0-AAAC0E56688A} = {7E50329A-E782-4AF6-B6BE-E0AB3FF26C82}
		{C1E2EA3D-BAF8-4FC6-9238-E96C65EB1B51} = {93925AAF-A197-4A57-A6BD-EDF17C7B1B3C}
		{4DFE7BD2-F168-4AE7-B569-C684C1615EA7} = {93925AAF-A197-4A57-A6BD-EDF17C7B1B3C}
		{086669FE-817A-4BD2-84A4-E1D90C667250} = {93925AAF-A197-4A57-A6BD-EDF17C7B1B3C}
		{18326C80-2CC4-417D-8FEE-EA608ED85636} = {086669FE-817A-4BD2-84A4-E1D90C667250}
	EndGlobalSection
	GlobalSection(ExtensibilityGlobals) = postSolution
		SolutionGuid = {B78CF9FE-EE87-47B6-99F7-300B5AEFB5BC}
	EndGlobalSection
EndGlobal
