
Microsoft Visual Studio Solution File, Format Version 12.00
# Visual Studio Version 17
VisualStudioVersion = 17.4.33110.190
MinimumVisualStudioVersion = 10.0.40219.1
Project("{2150E333-8FDC-42A3-9474-1A3956D46DE8}") = "Test", "Test", "{633E509A-26A0-410E-BF83-91201ECBB488}"
	ProjectSection(SolutionItems) = preProject
		Test\Readme.md = Test\Readme.md
	EndProjectSection
EndProject
Project("{2150E333-8FDC-42A3-9474-1A3956D46DE8}") = "Library", "Library", "{93925AAF-A197-4A57-A6BD-EDF17C7B1B3C}"
	ProjectSection(SolutionItems) = preProject
		Library\Readme.md = Library\Readme.md
	EndProjectSection
EndProject
Project("{2150E333-8FDC-42A3-9474-1A3956D46DE8}") = "Doc", "Doc", "{F06FFE4A-7255-4347-B1E2-CA3296B27B59}"
	ProjectSection(SolutionItems) = preProject
		Readme.md = Readme.md
	EndProjectSection
EndProject
Project("{FAE04EC0-301F-11D3-BF4B-00C04F79EFBC}") = "Executor", "Library\Executor\Executor.csproj", "{4DFE7BD2-F168-4AE7-B569-C684C1615EA7}"
EndProject
Project("{2150E333-8FDC-42A3-9474-1A3956D46DE8}") = "External", "External", "{086669FE-817A-4BD2-84A4-E1D90C667250}"
EndProject
Project("{2150E333-8FDC-42A3-9474-1A3956D46DE8}") = "Bin", "Bin", "{723E24B8-056B-4C33-9446-6777AC37FFA4}"
EndProject
Project("{FAE04EC0-301F-11D3-BF4B-00C04F79EFBC}") = "Core", "Library\Core\Core.csproj", "{575091D8-A55C-4794-9F15-120E927C3305}"
EndProject
Project("{FAE04EC0-301F-11D3-BF4B-00C04F79EFBC}") = "Network", "Library\Network\Network.csproj", "{CDF87E43-0A6B-48E4-BD94-C44E35592AD4}"
EndProject
Project("{FAE04EC0-301F-11D3-BF4B-00C04F79EFBC}") = "TestCommon", "Test\TestCommon\TestCommon.csproj", "{AFC905F1-F4D7-430D-B005-B6B9E01245AF}"
EndProject
Project("{FAE04EC0-301F-11D3-BF4B-00C04F79EFBC}") = "TestCore", "Test\TestCore\TestCore.csproj", "{7C9C4206-DEBC-4F4E-9CC1-F44FEFBB27F3}"
EndProject
Project("{FAE04EC0-301F-11D3-BF4B-00C04F79EFBC}") = "TestExecutor", "Test\TestExecutor\TestExecutor.csproj", "{78931217-1400-4BFA-BB40-63CE304581EE}"
EndProject
Project("{FAE04EC0-301F-11D3-BF4B-00C04F79EFBC}") = "TestPi", "Test\TestPi\TestPi.csproj", "{BDA73C27-6B43-4F77-8D63-6DC8445553FB}"
EndProject
Project("{FAE04EC0-301F-11D3-BF4B-00C04F79EFBC}") = "Console", "App\Console\Console.csproj", "{063FD01E-5FEF-47FE-912E-8ED54FEEA24B}"
EndProject
Project("{FAE04EC0-301F-11D3-BF4B-00C04F79EFBC}") = "PiLang", "Library\Language\PiLang\PiLang.csproj", "{142AFFDB-3FA9-47D2-B28A-EC01595CFA19}"
EndProject
Project("{2150E333-8FDC-42A3-9474-1A3956D46DE8}") = "Language", "Language", "{789EF740-5925-4AF1-9E55-3315E731EE8A}"
	ProjectSection(SolutionItems) = preProject
		Library\Readme.md = Library\Readme.md
	EndProjectSection
EndProject
Project("{FAE04EC0-301F-11D3-BF4B-00C04F79EFBC}") = "Common", "Library\Language\Common\Common.csproj", "{329084C8-82D9-44C9-86DD-FA587C1A6FA4}"
EndProject
Project("{FAE04EC0-301F-11D3-BF4B-00C04F79EFBC}") = "TestRho", "Test\TestRho\TestRho.csproj", "{2CC3C5E5-DDF4-47D6-8252-3CEDBBCB580E}"
EndProject
Project("{FAE04EC0-301F-11D3-BF4B-00C04F79EFBC}") = "RhoLang", "Library\Language\RhoLang\RhoLang.csproj", "{2C48A0F7-1EF0-4AC7-BE71-E16667CF1E10}"
EndProject
Project("{FAE04EC0-301F-11D3-BF4B-00C04F79EFBC}") = "ExecutionContext", "Library\Language\ExecutionContext\ExecutionContext.csproj", "{F0F5E736-155F-4D5F-B53E-665F708FD4ED}"
EndProject
Project("{FAE04EC0-301F-11D3-BF4B-00C04F79EFBC}") = "WinForms", "App\WinForms\WinForms.csproj", "{22096879-8D63-4BBA-A77C-C82506994F8F}"
EndProject
Project("{FAE04EC0-301F-11D3-BF4B-00C04F79EFBC}") = "StdIo", "Library\StdIo\StdIo.csproj", "{789E1135-5218-4E29-85E6-08381CF4991A}"
EndProject
Project("{FAE04EC0-301F-11D3-BF4B-00C04F79EFBC}") = "Flow", "Library\Ext\Flow\Flow.csproj", "{18326C80-2CC4-417D-8FEE-EA608ED85636}"
EndProject
Project("{2150E333-8FDC-42A3-9474-1A3956D46DE8}") = "Core", "Core", "{ACE95B75-45C8-4CF8-AE21-519F9A5F6F13}"
EndProject
Project("{2150E333-8FDC-42A3-9474-1A3956D46DE8}") = "Network", "Network", "{9E84ED57-1086-4B8E-A67A-AA86F9F411F1}"
EndProject
Project("{FAE04EC0-301F-11D3-BF4B-00C04F79EFBC}") = "Unity", "Library\Network\Unity\Unity.csproj", "{9273DB5E-1F55-462F-A7EA-FA0A416FAF9A}"
EndProject
Project("{FAE04EC0-301F-11D3-BF4B-00C04F79EFBC}") = "TauLang", "Library\Language\TauLang\TauLang.csproj", "{82E001B5-0D5E-42B7-B9D5-8B63AD82BF9A}"
EndProject
Project("{9A19103F-16F7-4668-BE54-9A1E7A4F7556}") = "TestTau", "Test\TestTau\TestTau.csproj", "{304D8128-C1CD-479D-B03C-20343B51B2CE}"
EndProject
<<<<<<< HEAD
Project("{FAE04EC0-301F-11D3-BF4B-00C04F79EFBC}") = "NetworkGen", "App\NetworkGen\NetworkGen.csproj", "{E6CD36B6-157B-4B89-BCA0-AAAC0E56688A}"
EndProject
Project("{2150E333-8FDC-42A3-9474-1A3956D46DE8}") = "App", "App", "{B8F3F0FB-24DE-4E53-B508-FC51EC07816B}"
EndProject
Project("{FAE04EC0-301F-11D3-BF4B-00C04F79EFBC}") = "TestUnity", "Test\TestUnity\TestUnity.csproj", "{0F86DE66-0B7D-4CBD-8C48-DCDF5C082756}"
=======
Project("{FAE04EC0-301F-11D3-BF4B-00C04F79EFBC}") = "TestNetwork", "Test\TestNetwork\TestNetwork.csproj", "{E8BEDE94-9066-4113-BF03-CA02BACCDC39}"
>>>>>>> 964ff29 (Fixing NUnit references. Everything should use 3.13.3.0)
EndProject
Project("{2150E333-8FDC-42A3-9474-1A3956D46DE8}") = "External", "External", "{522EAA69-4A13-4134-AFE1-041BB1877638}"
EndProject
Project("{2150E333-8FDC-42A3-9474-1A3956D46DE8}") = "Unity3d", "Unity3d", "{4743A956-2ABA-462E-8472-AC4178CF3FB7}"
EndProject
Project("{2150E333-8FDC-42A3-9474-1A3956D46DE8}") = "Resources", "Resources", "{B335B44D-47EB-4EF1-81EF-B41045689865}"
	ProjectSection(SolutionItems) = preProject
		Resources\PyroWindow.PNG = Resources\PyroWindow.PNG
		Resources\PyroWindow2.png = Resources\PyroWindow2.png
	EndProjectSection
EndProject
Project("{2150E333-8FDC-42A3-9474-1A3956D46DE8}") = "App", "App", "{AAF6F6C3-B4AC-4634-8B74-33953E96AB8A}"
	ProjectSection(SolutionItems) = preProject
		App\Readme.md = App\Readme.md
	EndProjectSection
EndProject
Project("{FAE04EC0-301F-11D3-BF4B-00C04F79EFBC}") = "NetworkGen", "App\NetworkGen\NetworkGen.csproj", "{E6CD36B6-157B-4B89-BCA0-AAAC0E56688A}"
EndProject
<<<<<<< HEAD
=======
Project("{2150E333-8FDC-42A3-9474-1A3956D46DE8}") = "App", "App", "{B8F3F0FB-24DE-4E53-B508-FC51EC07816B}"
EndProject
Project("{FAE04EC0-301F-11D3-BF4B-00C04F79EFBC}") = "TestUnity", "Test\TestUnity\TestUnity.csproj", "{0F86DE66-0B7D-4CBD-8C48-DCDF5C082756}"
EndProject
>>>>>>> d0a5f36 (Add Unit test for Butterworth Filter.)
Global
	GlobalSection(SolutionConfigurationPlatforms) = preSolution
		Debug|Any CPU = Debug|Any CPU
		Debug|ARM = Debug|ARM
		Debug|ARM64 = Debug|ARM64
		Debug|x64 = Debug|x64
		Debug|x86 = Debug|x86
		Release|Any CPU = Release|Any CPU
		Release|ARM = Release|ARM
		Release|ARM64 = Release|ARM64
		Release|x64 = Release|x64
		Release|x86 = Release|x86
	EndGlobalSection
	GlobalSection(ProjectConfigurationPlatforms) = postSolution
		{4DFE7BD2-F168-4AE7-B569-C684C1615EA7}.Debug|Any CPU.ActiveCfg = Debug|Any CPU
		{4DFE7BD2-F168-4AE7-B569-C684C1615EA7}.Debug|Any CPU.Build.0 = Debug|Any CPU
		{4DFE7BD2-F168-4AE7-B569-C684C1615EA7}.Debug|ARM.ActiveCfg = Debug|Any CPU
		{4DFE7BD2-F168-4AE7-B569-C684C1615EA7}.Debug|ARM.Build.0 = Debug|Any CPU
		{4DFE7BD2-F168-4AE7-B569-C684C1615EA7}.Debug|ARM64.ActiveCfg = Debug|Any CPU
		{4DFE7BD2-F168-4AE7-B569-C684C1615EA7}.Debug|ARM64.Build.0 = Debug|Any CPU
		{4DFE7BD2-F168-4AE7-B569-C684C1615EA7}.Debug|x64.ActiveCfg = Debug|Any CPU
		{4DFE7BD2-F168-4AE7-B569-C684C1615EA7}.Debug|x64.Build.0 = Debug|Any CPU
		{4DFE7BD2-F168-4AE7-B569-C684C1615EA7}.Debug|x86.ActiveCfg = Debug|Any CPU
		{4DFE7BD2-F168-4AE7-B569-C684C1615EA7}.Debug|x86.Build.0 = Debug|Any CPU
		{4DFE7BD2-F168-4AE7-B569-C684C1615EA7}.Release|Any CPU.ActiveCfg = Release|Any CPU
		{4DFE7BD2-F168-4AE7-B569-C684C1615EA7}.Release|Any CPU.Build.0 = Release|Any CPU
		{4DFE7BD2-F168-4AE7-B569-C684C1615EA7}.Release|ARM.ActiveCfg = Release|Any CPU
		{4DFE7BD2-F168-4AE7-B569-C684C1615EA7}.Release|ARM.Build.0 = Release|Any CPU
		{4DFE7BD2-F168-4AE7-B569-C684C1615EA7}.Release|ARM64.ActiveCfg = Release|Any CPU
		{4DFE7BD2-F168-4AE7-B569-C684C1615EA7}.Release|ARM64.Build.0 = Release|Any CPU
		{4DFE7BD2-F168-4AE7-B569-C684C1615EA7}.Release|x64.ActiveCfg = Release|Any CPU
		{4DFE7BD2-F168-4AE7-B569-C684C1615EA7}.Release|x64.Build.0 = Release|Any CPU
		{4DFE7BD2-F168-4AE7-B569-C684C1615EA7}.Release|x86.ActiveCfg = Release|Any CPU
		{4DFE7BD2-F168-4AE7-B569-C684C1615EA7}.Release|x86.Build.0 = Release|Any CPU
		{575091D8-A55C-4794-9F15-120E927C3305}.Debug|Any CPU.ActiveCfg = Debug|Any CPU
		{575091D8-A55C-4794-9F15-120E927C3305}.Debug|Any CPU.Build.0 = Debug|Any CPU
		{575091D8-A55C-4794-9F15-120E927C3305}.Debug|ARM.ActiveCfg = Debug|Any CPU
		{575091D8-A55C-4794-9F15-120E927C3305}.Debug|ARM.Build.0 = Debug|Any CPU
		{575091D8-A55C-4794-9F15-120E927C3305}.Debug|ARM64.ActiveCfg = Debug|Any CPU
		{575091D8-A55C-4794-9F15-120E927C3305}.Debug|ARM64.Build.0 = Debug|Any CPU
		{575091D8-A55C-4794-9F15-120E927C3305}.Debug|x64.ActiveCfg = Debug|Any CPU
		{575091D8-A55C-4794-9F15-120E927C3305}.Debug|x64.Build.0 = Debug|Any CPU
		{575091D8-A55C-4794-9F15-120E927C3305}.Debug|x86.ActiveCfg = Debug|Any CPU
		{575091D8-A55C-4794-9F15-120E927C3305}.Debug|x86.Build.0 = Debug|Any CPU
		{575091D8-A55C-4794-9F15-120E927C3305}.Release|Any CPU.ActiveCfg = Release|Any CPU
		{575091D8-A55C-4794-9F15-120E927C3305}.Release|Any CPU.Build.0 = Release|Any CPU
		{575091D8-A55C-4794-9F15-120E927C3305}.Release|ARM.ActiveCfg = Release|Any CPU
		{575091D8-A55C-4794-9F15-120E927C3305}.Release|ARM.Build.0 = Release|Any CPU
		{575091D8-A55C-4794-9F15-120E927C3305}.Release|ARM64.ActiveCfg = Release|Any CPU
		{575091D8-A55C-4794-9F15-120E927C3305}.Release|ARM64.Build.0 = Release|Any CPU
		{575091D8-A55C-4794-9F15-120E927C3305}.Release|x64.ActiveCfg = Release|Any CPU
		{575091D8-A55C-4794-9F15-120E927C3305}.Release|x64.Build.0 = Release|Any CPU
		{575091D8-A55C-4794-9F15-120E927C3305}.Release|x86.ActiveCfg = Release|Any CPU
		{575091D8-A55C-4794-9F15-120E927C3305}.Release|x86.Build.0 = Release|Any CPU
		{CDF87E43-0A6B-48E4-BD94-C44E35592AD4}.Debug|Any CPU.ActiveCfg = Debug|Any CPU
		{CDF87E43-0A6B-48E4-BD94-C44E35592AD4}.Debug|Any CPU.Build.0 = Debug|Any CPU
		{CDF87E43-0A6B-48E4-BD94-C44E35592AD4}.Debug|ARM.ActiveCfg = Debug|Any CPU
		{CDF87E43-0A6B-48E4-BD94-C44E35592AD4}.Debug|ARM.Build.0 = Debug|Any CPU
		{CDF87E43-0A6B-48E4-BD94-C44E35592AD4}.Debug|ARM64.ActiveCfg = Debug|Any CPU
		{CDF87E43-0A6B-48E4-BD94-C44E35592AD4}.Debug|ARM64.Build.0 = Debug|Any CPU
		{CDF87E43-0A6B-48E4-BD94-C44E35592AD4}.Debug|x64.ActiveCfg = Debug|Any CPU
		{CDF87E43-0A6B-48E4-BD94-C44E35592AD4}.Debug|x64.Build.0 = Debug|Any CPU
		{CDF87E43-0A6B-48E4-BD94-C44E35592AD4}.Debug|x86.ActiveCfg = Debug|Any CPU
		{CDF87E43-0A6B-48E4-BD94-C44E35592AD4}.Debug|x86.Build.0 = Debug|Any CPU
		{CDF87E43-0A6B-48E4-BD94-C44E35592AD4}.Release|Any CPU.ActiveCfg = Release|Any CPU
		{CDF87E43-0A6B-48E4-BD94-C44E35592AD4}.Release|Any CPU.Build.0 = Release|Any CPU
		{CDF87E43-0A6B-48E4-BD94-C44E35592AD4}.Release|ARM.ActiveCfg = Release|Any CPU
		{CDF87E43-0A6B-48E4-BD94-C44E35592AD4}.Release|ARM.Build.0 = Release|Any CPU
		{CDF87E43-0A6B-48E4-BD94-C44E35592AD4}.Release|ARM64.ActiveCfg = Release|Any CPU
		{CDF87E43-0A6B-48E4-BD94-C44E35592AD4}.Release|ARM64.Build.0 = Release|Any CPU
		{CDF87E43-0A6B-48E4-BD94-C44E35592AD4}.Release|x64.ActiveCfg = Release|Any CPU
		{CDF87E43-0A6B-48E4-BD94-C44E35592AD4}.Release|x64.Build.0 = Release|Any CPU
		{CDF87E43-0A6B-48E4-BD94-C44E35592AD4}.Release|x86.ActiveCfg = Release|Any CPU
		{CDF87E43-0A6B-48E4-BD94-C44E35592AD4}.Release|x86.Build.0 = Release|Any CPU
		{AFC905F1-F4D7-430D-B005-B6B9E01245AF}.Debug|Any CPU.ActiveCfg = Debug|Any CPU
		{AFC905F1-F4D7-430D-B005-B6B9E01245AF}.Debug|Any CPU.Build.0 = Debug|Any CPU
		{AFC905F1-F4D7-430D-B005-B6B9E01245AF}.Debug|ARM.ActiveCfg = Debug|Any CPU
		{AFC905F1-F4D7-430D-B005-B6B9E01245AF}.Debug|ARM.Build.0 = Debug|Any CPU
		{AFC905F1-F4D7-430D-B005-B6B9E01245AF}.Debug|ARM64.ActiveCfg = Debug|Any CPU
		{AFC905F1-F4D7-430D-B005-B6B9E01245AF}.Debug|ARM64.Build.0 = Debug|Any CPU
		{AFC905F1-F4D7-430D-B005-B6B9E01245AF}.Debug|x64.ActiveCfg = Debug|Any CPU
		{AFC905F1-F4D7-430D-B005-B6B9E01245AF}.Debug|x64.Build.0 = Debug|Any CPU
		{AFC905F1-F4D7-430D-B005-B6B9E01245AF}.Debug|x86.ActiveCfg = Debug|Any CPU
		{AFC905F1-F4D7-430D-B005-B6B9E01245AF}.Debug|x86.Build.0 = Debug|Any CPU
		{AFC905F1-F4D7-430D-B005-B6B9E01245AF}.Release|Any CPU.ActiveCfg = Release|Any CPU
		{AFC905F1-F4D7-430D-B005-B6B9E01245AF}.Release|Any CPU.Build.0 = Release|Any CPU
		{AFC905F1-F4D7-430D-B005-B6B9E01245AF}.Release|ARM.ActiveCfg = Release|Any CPU
		{AFC905F1-F4D7-430D-B005-B6B9E01245AF}.Release|ARM.Build.0 = Release|Any CPU
		{AFC905F1-F4D7-430D-B005-B6B9E01245AF}.Release|ARM64.ActiveCfg = Release|Any CPU
		{AFC905F1-F4D7-430D-B005-B6B9E01245AF}.Release|ARM64.Build.0 = Release|Any CPU
		{AFC905F1-F4D7-430D-B005-B6B9E01245AF}.Release|x64.ActiveCfg = Release|Any CPU
		{AFC905F1-F4D7-430D-B005-B6B9E01245AF}.Release|x86.ActiveCfg = Release|Any CPU
		{AFC905F1-F4D7-430D-B005-B6B9E01245AF}.Release|x86.Build.0 = Release|Any CPU
		{7C9C4206-DEBC-4F4E-9CC1-F44FEFBB27F3}.Debug|Any CPU.ActiveCfg = Debug|Any CPU
		{7C9C4206-DEBC-4F4E-9CC1-F44FEFBB27F3}.Debug|Any CPU.Build.0 = Debug|Any CPU
		{7C9C4206-DEBC-4F4E-9CC1-F44FEFBB27F3}.Debug|ARM.ActiveCfg = Debug|Any CPU
		{7C9C4206-DEBC-4F4E-9CC1-F44FEFBB27F3}.Debug|ARM.Build.0 = Debug|Any CPU
		{7C9C4206-DEBC-4F4E-9CC1-F44FEFBB27F3}.Debug|ARM64.ActiveCfg = Debug|Any CPU
		{7C9C4206-DEBC-4F4E-9CC1-F44FEFBB27F3}.Debug|ARM64.Build.0 = Debug|Any CPU
		{7C9C4206-DEBC-4F4E-9CC1-F44FEFBB27F3}.Debug|x64.ActiveCfg = Debug|Any CPU
		{7C9C4206-DEBC-4F4E-9CC1-F44FEFBB27F3}.Debug|x64.Build.0 = Debug|Any CPU
		{7C9C4206-DEBC-4F4E-9CC1-F44FEFBB27F3}.Debug|x86.ActiveCfg = Debug|Any CPU
		{7C9C4206-DEBC-4F4E-9CC1-F44FEFBB27F3}.Debug|x86.Build.0 = Debug|Any CPU
		{7C9C4206-DEBC-4F4E-9CC1-F44FEFBB27F3}.Release|Any CPU.ActiveCfg = Release|Any CPU
		{7C9C4206-DEBC-4F4E-9CC1-F44FEFBB27F3}.Release|Any CPU.Build.0 = Release|Any CPU
		{7C9C4206-DEBC-4F4E-9CC1-F44FEFBB27F3}.Release|ARM.ActiveCfg = Release|Any CPU
		{7C9C4206-DEBC-4F4E-9CC1-F44FEFBB27F3}.Release|ARM.Build.0 = Release|Any CPU
		{7C9C4206-DEBC-4F4E-9CC1-F44FEFBB27F3}.Release|ARM64.ActiveCfg = Release|Any CPU
		{7C9C4206-DEBC-4F4E-9CC1-F44FEFBB27F3}.Release|ARM64.Build.0 = Release|Any CPU
		{7C9C4206-DEBC-4F4E-9CC1-F44FEFBB27F3}.Release|x64.ActiveCfg = Release|Any CPU
		{7C9C4206-DEBC-4F4E-9CC1-F44FEFBB27F3}.Release|x86.ActiveCfg = Release|Any CPU
		{7C9C4206-DEBC-4F4E-9CC1-F44FEFBB27F3}.Release|x86.Build.0 = Release|Any CPU
		{78931217-1400-4BFA-BB40-63CE304581EE}.Debug|Any CPU.ActiveCfg = Debug|Any CPU
		{78931217-1400-4BFA-BB40-63CE304581EE}.Debug|Any CPU.Build.0 = Debug|Any CPU
		{78931217-1400-4BFA-BB40-63CE304581EE}.Debug|ARM.ActiveCfg = Debug|Any CPU
		{78931217-1400-4BFA-BB40-63CE304581EE}.Debug|ARM.Build.0 = Debug|Any CPU
		{78931217-1400-4BFA-BB40-63CE304581EE}.Debug|ARM64.ActiveCfg = Debug|Any CPU
		{78931217-1400-4BFA-BB40-63CE304581EE}.Debug|ARM64.Build.0 = Debug|Any CPU
		{78931217-1400-4BFA-BB40-63CE304581EE}.Debug|x64.ActiveCfg = Debug|Any CPU
		{78931217-1400-4BFA-BB40-63CE304581EE}.Debug|x64.Build.0 = Debug|Any CPU
		{78931217-1400-4BFA-BB40-63CE304581EE}.Debug|x86.ActiveCfg = Debug|Any CPU
		{78931217-1400-4BFA-BB40-63CE304581EE}.Debug|x86.Build.0 = Debug|Any CPU
		{78931217-1400-4BFA-BB40-63CE304581EE}.Release|Any CPU.ActiveCfg = Release|Any CPU
		{78931217-1400-4BFA-BB40-63CE304581EE}.Release|Any CPU.Build.0 = Release|Any CPU
		{78931217-1400-4BFA-BB40-63CE304581EE}.Release|ARM.ActiveCfg = Release|Any CPU
		{78931217-1400-4BFA-BB40-63CE304581EE}.Release|ARM.Build.0 = Release|Any CPU
		{78931217-1400-4BFA-BB40-63CE304581EE}.Release|ARM64.ActiveCfg = Release|Any CPU
		{78931217-1400-4BFA-BB40-63CE304581EE}.Release|ARM64.Build.0 = Release|Any CPU
		{78931217-1400-4BFA-BB40-63CE304581EE}.Release|x64.ActiveCfg = Release|Any CPU
		{78931217-1400-4BFA-BB40-63CE304581EE}.Release|x86.ActiveCfg = Release|Any CPU
		{78931217-1400-4BFA-BB40-63CE304581EE}.Release|x86.Build.0 = Release|Any CPU
		{BDA73C27-6B43-4F77-8D63-6DC8445553FB}.Debug|Any CPU.ActiveCfg = Debug|Any CPU
		{BDA73C27-6B43-4F77-8D63-6DC8445553FB}.Debug|Any CPU.Build.0 = Debug|Any CPU
		{BDA73C27-6B43-4F77-8D63-6DC8445553FB}.Debug|ARM.ActiveCfg = Debug|Any CPU
		{BDA73C27-6B43-4F77-8D63-6DC8445553FB}.Debug|ARM.Build.0 = Debug|Any CPU
		{BDA73C27-6B43-4F77-8D63-6DC8445553FB}.Debug|ARM64.ActiveCfg = Debug|Any CPU
		{BDA73C27-6B43-4F77-8D63-6DC8445553FB}.Debug|ARM64.Build.0 = Debug|Any CPU
		{BDA73C27-6B43-4F77-8D63-6DC8445553FB}.Debug|x64.ActiveCfg = Debug|Any CPU
		{BDA73C27-6B43-4F77-8D63-6DC8445553FB}.Debug|x64.Build.0 = Debug|Any CPU
		{BDA73C27-6B43-4F77-8D63-6DC8445553FB}.Debug|x86.ActiveCfg = Debug|Any CPU
		{BDA73C27-6B43-4F77-8D63-6DC8445553FB}.Debug|x86.Build.0 = Debug|Any CPU
		{BDA73C27-6B43-4F77-8D63-6DC8445553FB}.Release|Any CPU.ActiveCfg = Release|Any CPU
		{BDA73C27-6B43-4F77-8D63-6DC8445553FB}.Release|Any CPU.Build.0 = Release|Any CPU
		{BDA73C27-6B43-4F77-8D63-6DC8445553FB}.Release|ARM.ActiveCfg = Release|Any CPU
		{BDA73C27-6B43-4F77-8D63-6DC8445553FB}.Release|ARM.Build.0 = Release|Any CPU
		{BDA73C27-6B43-4F77-8D63-6DC8445553FB}.Release|ARM64.ActiveCfg = Release|Any CPU
		{BDA73C27-6B43-4F77-8D63-6DC8445553FB}.Release|ARM64.Build.0 = Release|Any CPU
		{BDA73C27-6B43-4F77-8D63-6DC8445553FB}.Release|x64.ActiveCfg = Release|Any CPU
		{BDA73C27-6B43-4F77-8D63-6DC8445553FB}.Release|x86.ActiveCfg = Release|Any CPU
		{BDA73C27-6B43-4F77-8D63-6DC8445553FB}.Release|x86.Build.0 = Release|Any CPU
		{063FD01E-5FEF-47FE-912E-8ED54FEEA24B}.Debug|Any CPU.ActiveCfg = Debug|Any CPU
		{063FD01E-5FEF-47FE-912E-8ED54FEEA24B}.Debug|Any CPU.Build.0 = Debug|Any CPU
		{063FD01E-5FEF-47FE-912E-8ED54FEEA24B}.Debug|ARM.ActiveCfg = Debug|Any CPU
		{063FD01E-5FEF-47FE-912E-8ED54FEEA24B}.Debug|ARM.Build.0 = Debug|Any CPU
		{063FD01E-5FEF-47FE-912E-8ED54FEEA24B}.Debug|ARM64.ActiveCfg = Debug|Any CPU
		{063FD01E-5FEF-47FE-912E-8ED54FEEA24B}.Debug|ARM64.Build.0 = Debug|Any CPU
		{063FD01E-5FEF-47FE-912E-8ED54FEEA24B}.Debug|x64.ActiveCfg = Debug|Any CPU
		{063FD01E-5FEF-47FE-912E-8ED54FEEA24B}.Debug|x64.Build.0 = Debug|Any CPU
		{063FD01E-5FEF-47FE-912E-8ED54FEEA24B}.Debug|x86.ActiveCfg = Debug|Any CPU
		{063FD01E-5FEF-47FE-912E-8ED54FEEA24B}.Debug|x86.Build.0 = Debug|Any CPU
		{063FD01E-5FEF-47FE-912E-8ED54FEEA24B}.Release|Any CPU.ActiveCfg = Release|Any CPU
		{063FD01E-5FEF-47FE-912E-8ED54FEEA24B}.Release|Any CPU.Build.0 = Release|Any CPU
		{063FD01E-5FEF-47FE-912E-8ED54FEEA24B}.Release|ARM.ActiveCfg = Release|Any CPU
		{063FD01E-5FEF-47FE-912E-8ED54FEEA24B}.Release|ARM.Build.0 = Release|Any CPU
		{063FD01E-5FEF-47FE-912E-8ED54FEEA24B}.Release|ARM64.ActiveCfg = Release|Any CPU
		{063FD01E-5FEF-47FE-912E-8ED54FEEA24B}.Release|ARM64.Build.0 = Release|Any CPU
		{063FD01E-5FEF-47FE-912E-8ED54FEEA24B}.Release|x64.ActiveCfg = Release|Any CPU
		{063FD01E-5FEF-47FE-912E-8ED54FEEA24B}.Release|x64.Build.0 = Release|Any CPU
		{063FD01E-5FEF-47FE-912E-8ED54FEEA24B}.Release|x86.ActiveCfg = Release|Any CPU
		{063FD01E-5FEF-47FE-912E-8ED54FEEA24B}.Release|x86.Build.0 = Release|Any CPU
		{142AFFDB-3FA9-47D2-B28A-EC01595CFA19}.Debug|Any CPU.ActiveCfg = Debug|Any CPU
		{142AFFDB-3FA9-47D2-B28A-EC01595CFA19}.Debug|Any CPU.Build.0 = Debug|Any CPU
		{142AFFDB-3FA9-47D2-B28A-EC01595CFA19}.Debug|ARM.ActiveCfg = Debug|Any CPU
		{142AFFDB-3FA9-47D2-B28A-EC01595CFA19}.Debug|ARM.Build.0 = Debug|Any CPU
		{142AFFDB-3FA9-47D2-B28A-EC01595CFA19}.Debug|ARM64.ActiveCfg = Debug|Any CPU
		{142AFFDB-3FA9-47D2-B28A-EC01595CFA19}.Debug|ARM64.Build.0 = Debug|Any CPU
		{142AFFDB-3FA9-47D2-B28A-EC01595CFA19}.Debug|x64.ActiveCfg = Debug|Any CPU
		{142AFFDB-3FA9-47D2-B28A-EC01595CFA19}.Debug|x64.Build.0 = Debug|Any CPU
		{142AFFDB-3FA9-47D2-B28A-EC01595CFA19}.Debug|x86.ActiveCfg = Debug|Any CPU
		{142AFFDB-3FA9-47D2-B28A-EC01595CFA19}.Debug|x86.Build.0 = Debug|Any CPU
		{142AFFDB-3FA9-47D2-B28A-EC01595CFA19}.Release|Any CPU.ActiveCfg = Release|Any CPU
		{142AFFDB-3FA9-47D2-B28A-EC01595CFA19}.Release|Any CPU.Build.0 = Release|Any CPU
		{142AFFDB-3FA9-47D2-B28A-EC01595CFA19}.Release|ARM.ActiveCfg = Release|Any CPU
		{142AFFDB-3FA9-47D2-B28A-EC01595CFA19}.Release|ARM.Build.0 = Release|Any CPU
		{142AFFDB-3FA9-47D2-B28A-EC01595CFA19}.Release|ARM64.ActiveCfg = Release|Any CPU
		{142AFFDB-3FA9-47D2-B28A-EC01595CFA19}.Release|ARM64.Build.0 = Release|Any CPU
		{142AFFDB-3FA9-47D2-B28A-EC01595CFA19}.Release|x64.ActiveCfg = Release|Any CPU
		{142AFFDB-3FA9-47D2-B28A-EC01595CFA19}.Release|x64.Build.0 = Release|Any CPU
		{142AFFDB-3FA9-47D2-B28A-EC01595CFA19}.Release|x86.ActiveCfg = Release|Any CPU
		{142AFFDB-3FA9-47D2-B28A-EC01595CFA19}.Release|x86.Build.0 = Release|Any CPU
		{329084C8-82D9-44C9-86DD-FA587C1A6FA4}.Debug|Any CPU.ActiveCfg = Debug|Any CPU
		{329084C8-82D9-44C9-86DD-FA587C1A6FA4}.Debug|Any CPU.Build.0 = Debug|Any CPU
		{329084C8-82D9-44C9-86DD-FA587C1A6FA4}.Debug|ARM.ActiveCfg = Debug|Any CPU
		{329084C8-82D9-44C9-86DD-FA587C1A6FA4}.Debug|ARM.Build.0 = Debug|Any CPU
		{329084C8-82D9-44C9-86DD-FA587C1A6FA4}.Debug|ARM64.ActiveCfg = Debug|Any CPU
		{329084C8-82D9-44C9-86DD-FA587C1A6FA4}.Debug|ARM64.Build.0 = Debug|Any CPU
		{329084C8-82D9-44C9-86DD-FA587C1A6FA4}.Debug|x64.ActiveCfg = Debug|Any CPU
		{329084C8-82D9-44C9-86DD-FA587C1A6FA4}.Debug|x64.Build.0 = Debug|Any CPU
		{329084C8-82D9-44C9-86DD-FA587C1A6FA4}.Debug|x86.ActiveCfg = Debug|Any CPU
		{329084C8-82D9-44C9-86DD-FA587C1A6FA4}.Debug|x86.Build.0 = Debug|Any CPU
		{329084C8-82D9-44C9-86DD-FA587C1A6FA4}.Release|Any CPU.ActiveCfg = Release|Any CPU
		{329084C8-82D9-44C9-86DD-FA587C1A6FA4}.Release|Any CPU.Build.0 = Release|Any CPU
		{329084C8-82D9-44C9-86DD-FA587C1A6FA4}.Release|ARM.ActiveCfg = Release|Any CPU
		{329084C8-82D9-44C9-86DD-FA587C1A6FA4}.Release|ARM.Build.0 = Release|Any CPU
		{329084C8-82D9-44C9-86DD-FA587C1A6FA4}.Release|ARM64.ActiveCfg = Release|Any CPU
		{329084C8-82D9-44C9-86DD-FA587C1A6FA4}.Release|ARM64.Build.0 = Release|Any CPU
		{329084C8-82D9-44C9-86DD-FA587C1A6FA4}.Release|x64.ActiveCfg = Release|Any CPU
		{329084C8-82D9-44C9-86DD-FA587C1A6FA4}.Release|x64.Build.0 = Release|Any CPU
		{329084C8-82D9-44C9-86DD-FA587C1A6FA4}.Release|x86.ActiveCfg = Release|Any CPU
		{329084C8-82D9-44C9-86DD-FA587C1A6FA4}.Release|x86.Build.0 = Release|Any CPU
		{2CC3C5E5-DDF4-47D6-8252-3CEDBBCB580E}.Debug|Any CPU.ActiveCfg = Debug|Any CPU
		{2CC3C5E5-DDF4-47D6-8252-3CEDBBCB580E}.Debug|Any CPU.Build.0 = Debug|Any CPU
		{2CC3C5E5-DDF4-47D6-8252-3CEDBBCB580E}.Debug|ARM.ActiveCfg = Debug|Any CPU
		{2CC3C5E5-DDF4-47D6-8252-3CEDBBCB580E}.Debug|ARM.Build.0 = Debug|Any CPU
		{2CC3C5E5-DDF4-47D6-8252-3CEDBBCB580E}.Debug|ARM64.ActiveCfg = Debug|Any CPU
		{2CC3C5E5-DDF4-47D6-8252-3CEDBBCB580E}.Debug|ARM64.Build.0 = Debug|Any CPU
		{2CC3C5E5-DDF4-47D6-8252-3CEDBBCB580E}.Debug|x64.ActiveCfg = Debug|Any CPU
		{2CC3C5E5-DDF4-47D6-8252-3CEDBBCB580E}.Debug|x64.Build.0 = Debug|Any CPU
		{2CC3C5E5-DDF4-47D6-8252-3CEDBBCB580E}.Debug|x86.ActiveCfg = Debug|Any CPU
		{2CC3C5E5-DDF4-47D6-8252-3CEDBBCB580E}.Debug|x86.Build.0 = Debug|Any CPU
		{2CC3C5E5-DDF4-47D6-8252-3CEDBBCB580E}.Release|Any CPU.ActiveCfg = Release|Any CPU
		{2CC3C5E5-DDF4-47D6-8252-3CEDBBCB580E}.Release|Any CPU.Build.0 = Release|Any CPU
		{2CC3C5E5-DDF4-47D6-8252-3CEDBBCB580E}.Release|ARM.ActiveCfg = Release|Any CPU
		{2CC3C5E5-DDF4-47D6-8252-3CEDBBCB580E}.Release|ARM.Build.0 = Release|Any CPU
		{2CC3C5E5-DDF4-47D6-8252-3CEDBBCB580E}.Release|ARM64.ActiveCfg = Release|Any CPU
		{2CC3C5E5-DDF4-47D6-8252-3CEDBBCB580E}.Release|ARM64.Build.0 = Release|Any CPU
		{2CC3C5E5-DDF4-47D6-8252-3CEDBBCB580E}.Release|x64.ActiveCfg = Release|Any CPU
		{2CC3C5E5-DDF4-47D6-8252-3CEDBBCB580E}.Release|x86.ActiveCfg = Release|Any CPU
		{2CC3C5E5-DDF4-47D6-8252-3CEDBBCB580E}.Release|x86.Build.0 = Release|Any CPU
		{2C48A0F7-1EF0-4AC7-BE71-E16667CF1E10}.Debug|Any CPU.ActiveCfg = Debug|Any CPU
		{2C48A0F7-1EF0-4AC7-BE71-E16667CF1E10}.Debug|Any CPU.Build.0 = Debug|Any CPU
		{2C48A0F7-1EF0-4AC7-BE71-E16667CF1E10}.Debug|ARM.ActiveCfg = Debug|Any CPU
		{2C48A0F7-1EF0-4AC7-BE71-E16667CF1E10}.Debug|ARM.Build.0 = Debug|Any CPU
		{2C48A0F7-1EF0-4AC7-BE71-E16667CF1E10}.Debug|ARM64.ActiveCfg = Debug|Any CPU
		{2C48A0F7-1EF0-4AC7-BE71-E16667CF1E10}.Debug|ARM64.Build.0 = Debug|Any CPU
		{2C48A0F7-1EF0-4AC7-BE71-E16667CF1E10}.Debug|x64.ActiveCfg = Debug|Any CPU
		{2C48A0F7-1EF0-4AC7-BE71-E16667CF1E10}.Debug|x64.Build.0 = Debug|Any CPU
		{2C48A0F7-1EF0-4AC7-BE71-E16667CF1E10}.Debug|x86.ActiveCfg = Debug|Any CPU
		{2C48A0F7-1EF0-4AC7-BE71-E16667CF1E10}.Debug|x86.Build.0 = Debug|Any CPU
		{2C48A0F7-1EF0-4AC7-BE71-E16667CF1E10}.Release|Any CPU.ActiveCfg = Release|Any CPU
		{2C48A0F7-1EF0-4AC7-BE71-E16667CF1E10}.Release|Any CPU.Build.0 = Release|Any CPU
		{2C48A0F7-1EF0-4AC7-BE71-E16667CF1E10}.Release|ARM.ActiveCfg = Release|Any CPU
		{2C48A0F7-1EF0-4AC7-BE71-E16667CF1E10}.Release|ARM.Build.0 = Release|Any CPU
		{2C48A0F7-1EF0-4AC7-BE71-E16667CF1E10}.Release|ARM64.ActiveCfg = Release|Any CPU
		{2C48A0F7-1EF0-4AC7-BE71-E16667CF1E10}.Release|ARM64.Build.0 = Release|Any CPU
		{2C48A0F7-1EF0-4AC7-BE71-E16667CF1E10}.Release|x64.ActiveCfg = Release|Any CPU
		{2C48A0F7-1EF0-4AC7-BE71-E16667CF1E10}.Release|x64.Build.0 = Release|Any CPU
		{2C48A0F7-1EF0-4AC7-BE71-E16667CF1E10}.Release|x86.ActiveCfg = Release|Any CPU
		{2C48A0F7-1EF0-4AC7-BE71-E16667CF1E10}.Release|x86.Build.0 = Release|Any CPU
		{F0F5E736-155F-4D5F-B53E-665F708FD4ED}.Debug|Any CPU.ActiveCfg = Debug|Any CPU
		{F0F5E736-155F-4D5F-B53E-665F708FD4ED}.Debug|Any CPU.Build.0 = Debug|Any CPU
		{F0F5E736-155F-4D5F-B53E-665F708FD4ED}.Debug|ARM.ActiveCfg = Debug|Any CPU
		{F0F5E736-155F-4D5F-B53E-665F708FD4ED}.Debug|ARM.Build.0 = Debug|Any CPU
		{F0F5E736-155F-4D5F-B53E-665F708FD4ED}.Debug|ARM64.ActiveCfg = Debug|Any CPU
		{F0F5E736-155F-4D5F-B53E-665F708FD4ED}.Debug|ARM64.Build.0 = Debug|Any CPU
		{F0F5E736-155F-4D5F-B53E-665F708FD4ED}.Debug|x64.ActiveCfg = Debug|Any CPU
		{F0F5E736-155F-4D5F-B53E-665F708FD4ED}.Debug|x64.Build.0 = Debug|Any CPU
		{F0F5E736-155F-4D5F-B53E-665F708FD4ED}.Debug|x86.ActiveCfg = Debug|Any CPU
		{F0F5E736-155F-4D5F-B53E-665F708FD4ED}.Debug|x86.Build.0 = Debug|Any CPU
		{F0F5E736-155F-4D5F-B53E-665F708FD4ED}.Release|Any CPU.ActiveCfg = Release|Any CPU
		{F0F5E736-155F-4D5F-B53E-665F708FD4ED}.Release|Any CPU.Build.0 = Release|Any CPU
		{F0F5E736-155F-4D5F-B53E-665F708FD4ED}.Release|ARM.ActiveCfg = Release|Any CPU
		{F0F5E736-155F-4D5F-B53E-665F708FD4ED}.Release|ARM.Build.0 = Release|Any CPU
		{F0F5E736-155F-4D5F-B53E-665F708FD4ED}.Release|ARM64.ActiveCfg = Release|Any CPU
		{F0F5E736-155F-4D5F-B53E-665F708FD4ED}.Release|ARM64.Build.0 = Release|Any CPU
		{F0F5E736-155F-4D5F-B53E-665F708FD4ED}.Release|x64.ActiveCfg = Release|Any CPU
		{F0F5E736-155F-4D5F-B53E-665F708FD4ED}.Release|x64.Build.0 = Release|Any CPU
		{F0F5E736-155F-4D5F-B53E-665F708FD4ED}.Release|x86.ActiveCfg = Release|Any CPU
		{F0F5E736-155F-4D5F-B53E-665F708FD4ED}.Release|x86.Build.0 = Release|Any CPU
		{22096879-8D63-4BBA-A77C-C82506994F8F}.Debug|Any CPU.ActiveCfg = Debug|Any CPU
		{22096879-8D63-4BBA-A77C-C82506994F8F}.Debug|Any CPU.Build.0 = Debug|Any CPU
		{22096879-8D63-4BBA-A77C-C82506994F8F}.Debug|ARM.ActiveCfg = Debug|Any CPU
		{22096879-8D63-4BBA-A77C-C82506994F8F}.Debug|ARM.Build.0 = Debug|Any CPU
		{22096879-8D63-4BBA-A77C-C82506994F8F}.Debug|ARM64.ActiveCfg = Debug|Any CPU
		{22096879-8D63-4BBA-A77C-C82506994F8F}.Debug|ARM64.Build.0 = Debug|Any CPU
		{22096879-8D63-4BBA-A77C-C82506994F8F}.Debug|x64.ActiveCfg = Debug|Any CPU
		{22096879-8D63-4BBA-A77C-C82506994F8F}.Debug|x64.Build.0 = Debug|Any CPU
		{22096879-8D63-4BBA-A77C-C82506994F8F}.Debug|x86.ActiveCfg = Debug|Any CPU
		{22096879-8D63-4BBA-A77C-C82506994F8F}.Debug|x86.Build.0 = Debug|Any CPU
		{22096879-8D63-4BBA-A77C-C82506994F8F}.Release|Any CPU.ActiveCfg = Release|Any CPU
		{22096879-8D63-4BBA-A77C-C82506994F8F}.Release|Any CPU.Build.0 = Release|Any CPU
		{22096879-8D63-4BBA-A77C-C82506994F8F}.Release|ARM.ActiveCfg = Release|Any CPU
		{22096879-8D63-4BBA-A77C-C82506994F8F}.Release|ARM.Build.0 = Release|Any CPU
		{22096879-8D63-4BBA-A77C-C82506994F8F}.Release|ARM64.ActiveCfg = Release|Any CPU
		{22096879-8D63-4BBA-A77C-C82506994F8F}.Release|ARM64.Build.0 = Release|Any CPU
		{22096879-8D63-4BBA-A77C-C82506994F8F}.Release|x64.ActiveCfg = Release|Any CPU
		{22096879-8D63-4BBA-A77C-C82506994F8F}.Release|x64.Build.0 = Release|Any CPU
		{22096879-8D63-4BBA-A77C-C82506994F8F}.Release|x86.ActiveCfg = Release|Any CPU
		{22096879-8D63-4BBA-A77C-C82506994F8F}.Release|x86.Build.0 = Release|Any CPU
		{789E1135-5218-4E29-85E6-08381CF4991A}.Debug|Any CPU.ActiveCfg = Debug|Any CPU
		{789E1135-5218-4E29-85E6-08381CF4991A}.Debug|Any CPU.Build.0 = Debug|Any CPU
		{789E1135-5218-4E29-85E6-08381CF4991A}.Debug|ARM.ActiveCfg = Debug|Any CPU
		{789E1135-5218-4E29-85E6-08381CF4991A}.Debug|ARM.Build.0 = Debug|Any CPU
		{789E1135-5218-4E29-85E6-08381CF4991A}.Debug|ARM64.ActiveCfg = Debug|Any CPU
		{789E1135-5218-4E29-85E6-08381CF4991A}.Debug|ARM64.Build.0 = Debug|Any CPU
		{789E1135-5218-4E29-85E6-08381CF4991A}.Debug|x64.ActiveCfg = Debug|Any CPU
		{789E1135-5218-4E29-85E6-08381CF4991A}.Debug|x64.Build.0 = Debug|Any CPU
		{789E1135-5218-4E29-85E6-08381CF4991A}.Debug|x86.ActiveCfg = Debug|Any CPU
		{789E1135-5218-4E29-85E6-08381CF4991A}.Debug|x86.Build.0 = Debug|Any CPU
		{789E1135-5218-4E29-85E6-08381CF4991A}.Release|Any CPU.ActiveCfg = Release|Any CPU
		{789E1135-5218-4E29-85E6-08381CF4991A}.Release|Any CPU.Build.0 = Release|Any CPU
		{789E1135-5218-4E29-85E6-08381CF4991A}.Release|ARM.ActiveCfg = Release|Any CPU
		{789E1135-5218-4E29-85E6-08381CF4991A}.Release|ARM.Build.0 = Release|Any CPU
		{789E1135-5218-4E29-85E6-08381CF4991A}.Release|ARM64.ActiveCfg = Release|Any CPU
		{789E1135-5218-4E29-85E6-08381CF4991A}.Release|ARM64.Build.0 = Release|Any CPU
		{789E1135-5218-4E29-85E6-08381CF4991A}.Release|x64.ActiveCfg = Release|Any CPU
		{789E1135-5218-4E29-85E6-08381CF4991A}.Release|x64.Build.0 = Release|Any CPU
		{789E1135-5218-4E29-85E6-08381CF4991A}.Release|x86.ActiveCfg = Release|Any CPU
		{789E1135-5218-4E29-85E6-08381CF4991A}.Release|x86.Build.0 = Release|Any CPU
		{18326C80-2CC4-417D-8FEE-EA608ED85636}.Debug|Any CPU.ActiveCfg = Debug|Any CPU
		{18326C80-2CC4-417D-8FEE-EA608ED85636}.Debug|Any CPU.Build.0 = Debug|Any CPU
		{18326C80-2CC4-417D-8FEE-EA608ED85636}.Debug|ARM.ActiveCfg = Debug|Any CPU
		{18326C80-2CC4-417D-8FEE-EA608ED85636}.Debug|ARM.Build.0 = Debug|Any CPU
		{18326C80-2CC4-417D-8FEE-EA608ED85636}.Debug|ARM64.ActiveCfg = Debug|Any CPU
		{18326C80-2CC4-417D-8FEE-EA608ED85636}.Debug|ARM64.Build.0 = Debug|Any CPU
		{18326C80-2CC4-417D-8FEE-EA608ED85636}.Debug|x64.ActiveCfg = Debug|Any CPU
		{18326C80-2CC4-417D-8FEE-EA608ED85636}.Debug|x64.Build.0 = Debug|Any CPU
		{18326C80-2CC4-417D-8FEE-EA608ED85636}.Debug|x86.ActiveCfg = Debug|Any CPU
		{18326C80-2CC4-417D-8FEE-EA608ED85636}.Debug|x86.Build.0 = Debug|Any CPU
		{18326C80-2CC4-417D-8FEE-EA608ED85636}.Release|Any CPU.ActiveCfg = Release|Any CPU
		{18326C80-2CC4-417D-8FEE-EA608ED85636}.Release|Any CPU.Build.0 = Release|Any CPU
		{18326C80-2CC4-417D-8FEE-EA608ED85636}.Release|ARM.ActiveCfg = Release|Any CPU
		{18326C80-2CC4-417D-8FEE-EA608ED85636}.Release|ARM.Build.0 = Release|Any CPU
		{18326C80-2CC4-417D-8FEE-EA608ED85636}.Release|ARM64.ActiveCfg = Release|Any CPU
		{18326C80-2CC4-417D-8FEE-EA608ED85636}.Release|ARM64.Build.0 = Release|Any CPU
		{18326C80-2CC4-417D-8FEE-EA608ED85636}.Release|x64.ActiveCfg = Release|Any CPU
		{18326C80-2CC4-417D-8FEE-EA608ED85636}.Release|x64.Build.0 = Release|Any CPU
		{18326C80-2CC4-417D-8FEE-EA608ED85636}.Release|x86.ActiveCfg = Release|Any CPU
		{18326C80-2CC4-417D-8FEE-EA608ED85636}.Release|x86.Build.0 = Release|Any CPU
		{9273DB5E-1F55-462F-A7EA-FA0A416FAF9A}.Debug|Any CPU.ActiveCfg = Debug|Any CPU
		{9273DB5E-1F55-462F-A7EA-FA0A416FAF9A}.Debug|Any CPU.Build.0 = Debug|Any CPU
		{9273DB5E-1F55-462F-A7EA-FA0A416FAF9A}.Debug|ARM.ActiveCfg = Debug|Any CPU
		{9273DB5E-1F55-462F-A7EA-FA0A416FAF9A}.Debug|ARM.Build.0 = Debug|Any CPU
		{9273DB5E-1F55-462F-A7EA-FA0A416FAF9A}.Debug|ARM64.ActiveCfg = Debug|Any CPU
		{9273DB5E-1F55-462F-A7EA-FA0A416FAF9A}.Debug|ARM64.Build.0 = Debug|Any CPU
		{9273DB5E-1F55-462F-A7EA-FA0A416FAF9A}.Debug|x64.ActiveCfg = Debug|Any CPU
		{9273DB5E-1F55-462F-A7EA-FA0A416FAF9A}.Debug|x64.Build.0 = Debug|Any CPU
		{9273DB5E-1F55-462F-A7EA-FA0A416FAF9A}.Debug|x86.ActiveCfg = Debug|Any CPU
		{9273DB5E-1F55-462F-A7EA-FA0A416FAF9A}.Debug|x86.Build.0 = Debug|Any CPU
		{9273DB5E-1F55-462F-A7EA-FA0A416FAF9A}.Release|Any CPU.ActiveCfg = Release|Any CPU
		{9273DB5E-1F55-462F-A7EA-FA0A416FAF9A}.Release|Any CPU.Build.0 = Release|Any CPU
		{9273DB5E-1F55-462F-A7EA-FA0A416FAF9A}.Release|ARM.ActiveCfg = Release|Any CPU
		{9273DB5E-1F55-462F-A7EA-FA0A416FAF9A}.Release|ARM.Build.0 = Release|Any CPU
		{9273DB5E-1F55-462F-A7EA-FA0A416FAF9A}.Release|ARM64.ActiveCfg = Release|Any CPU
		{9273DB5E-1F55-462F-A7EA-FA0A416FAF9A}.Release|ARM64.Build.0 = Release|Any CPU
		{9273DB5E-1F55-462F-A7EA-FA0A416FAF9A}.Release|x64.ActiveCfg = Release|Any CPU
		{9273DB5E-1F55-462F-A7EA-FA0A416FAF9A}.Release|x64.Build.0 = Release|Any CPU
		{9273DB5E-1F55-462F-A7EA-FA0A416FAF9A}.Release|x86.ActiveCfg = Release|Any CPU
		{9273DB5E-1F55-462F-A7EA-FA0A416FAF9A}.Release|x86.Build.0 = Release|Any CPU
		{82E001B5-0D5E-42B7-B9D5-8B63AD82BF9A}.Debug|Any CPU.ActiveCfg = Debug|Any CPU
		{82E001B5-0D5E-42B7-B9D5-8B63AD82BF9A}.Debug|Any CPU.Build.0 = Debug|Any CPU
		{82E001B5-0D5E-42B7-B9D5-8B63AD82BF9A}.Debug|ARM.ActiveCfg = Debug|Any CPU
		{82E001B5-0D5E-42B7-B9D5-8B63AD82BF9A}.Debug|ARM.Build.0 = Debug|Any CPU
		{82E001B5-0D5E-42B7-B9D5-8B63AD82BF9A}.Debug|ARM64.ActiveCfg = Debug|Any CPU
		{82E001B5-0D5E-42B7-B9D5-8B63AD82BF9A}.Debug|ARM64.Build.0 = Debug|Any CPU
		{82E001B5-0D5E-42B7-B9D5-8B63AD82BF9A}.Debug|x64.ActiveCfg = Debug|Any CPU
		{82E001B5-0D5E-42B7-B9D5-8B63AD82BF9A}.Debug|x64.Build.0 = Debug|Any CPU
		{82E001B5-0D5E-42B7-B9D5-8B63AD82BF9A}.Debug|x86.ActiveCfg = Debug|Any CPU
		{82E001B5-0D5E-42B7-B9D5-8B63AD82BF9A}.Debug|x86.Build.0 = Debug|Any CPU
		{82E001B5-0D5E-42B7-B9D5-8B63AD82BF9A}.Release|Any CPU.ActiveCfg = Release|Any CPU
		{82E001B5-0D5E-42B7-B9D5-8B63AD82BF9A}.Release|Any CPU.Build.0 = Release|Any CPU
		{82E001B5-0D5E-42B7-B9D5-8B63AD82BF9A}.Release|ARM.ActiveCfg = Release|Any CPU
		{82E001B5-0D5E-42B7-B9D5-8B63AD82BF9A}.Release|ARM.Build.0 = Release|Any CPU
		{82E001B5-0D5E-42B7-B9D5-8B63AD82BF9A}.Release|ARM64.ActiveCfg = Release|Any CPU
		{82E001B5-0D5E-42B7-B9D5-8B63AD82BF9A}.Release|ARM64.Build.0 = Release|Any CPU
		{82E001B5-0D5E-42B7-B9D5-8B63AD82BF9A}.Release|x64.ActiveCfg = Release|Any CPU
		{82E001B5-0D5E-42B7-B9D5-8B63AD82BF9A}.Release|x64.Build.0 = Release|Any CPU
		{82E001B5-0D5E-42B7-B9D5-8B63AD82BF9A}.Release|x86.ActiveCfg = Release|Any CPU
		{82E001B5-0D5E-42B7-B9D5-8B63AD82BF9A}.Release|x86.Build.0 = Release|Any CPU
		{304D8128-C1CD-479D-B03C-20343B51B2CE}.Debug|Any CPU.ActiveCfg = Debug|Any CPU
		{304D8128-C1CD-479D-B03C-20343B51B2CE}.Debug|Any CPU.Build.0 = Debug|Any CPU
		{304D8128-C1CD-479D-B03C-20343B51B2CE}.Debug|ARM.ActiveCfg = Debug|Any CPU
		{304D8128-C1CD-479D-B03C-20343B51B2CE}.Debug|ARM.Build.0 = Debug|Any CPU
		{304D8128-C1CD-479D-B03C-20343B51B2CE}.Debug|ARM64.ActiveCfg = Debug|Any CPU
		{304D8128-C1CD-479D-B03C-20343B51B2CE}.Debug|ARM64.Build.0 = Debug|Any CPU
		{304D8128-C1CD-479D-B03C-20343B51B2CE}.Debug|x64.ActiveCfg = Debug|Any CPU
		{304D8128-C1CD-479D-B03C-20343B51B2CE}.Debug|x64.Build.0 = Debug|Any CPU
		{304D8128-C1CD-479D-B03C-20343B51B2CE}.Debug|x86.ActiveCfg = Debug|Any CPU
		{304D8128-C1CD-479D-B03C-20343B51B2CE}.Debug|x86.Build.0 = Debug|Any CPU
		{304D8128-C1CD-479D-B03C-20343B51B2CE}.Release|Any CPU.ActiveCfg = Release|Any CPU
		{304D8128-C1CD-479D-B03C-20343B51B2CE}.Release|Any CPU.Build.0 = Release|Any CPU
		{304D8128-C1CD-479D-B03C-20343B51B2CE}.Release|ARM.ActiveCfg = Release|Any CPU
		{304D8128-C1CD-479D-B03C-20343B51B2CE}.Release|ARM.Build.0 = Release|Any CPU
		{304D8128-C1CD-479D-B03C-20343B51B2CE}.Release|ARM64.ActiveCfg = Release|Any CPU
		{304D8128-C1CD-479D-B03C-20343B51B2CE}.Release|ARM64.Build.0 = Release|Any CPU
		{304D8128-C1CD-479D-B03C-20343B51B2CE}.Release|x64.ActiveCfg = Release|Any CPU
		{304D8128-C1CD-479D-B03C-20343B51B2CE}.Release|x64.Build.0 = Release|Any CPU
		{304D8128-C1CD-479D-B03C-20343B51B2CE}.Release|x86.ActiveCfg = Release|Any CPU
		{304D8128-C1CD-479D-B03C-20343B51B2CE}.Release|x86.Build.0 = Release|Any CPU
<<<<<<< HEAD
<<<<<<< HEAD
<<<<<<< HEAD
=======
<<<<<<< Updated upstream
=======
		{E6CD36B6-157B-4B89-BCA0-AAAC0E56688A}.Debug|Any CPU.ActiveCfg = Debug|Any CPU
		{E6CD36B6-157B-4B89-BCA0-AAAC0E56688A}.Debug|Any CPU.Build.0 = Debug|Any CPU
		{E6CD36B6-157B-4B89-BCA0-AAAC0E56688A}.Debug|ARM.ActiveCfg = Debug|Any CPU
		{E6CD36B6-157B-4B89-BCA0-AAAC0E56688A}.Debug|ARM.Build.0 = Debug|Any CPU
		{E6CD36B6-157B-4B89-BCA0-AAAC0E56688A}.Debug|ARM64.ActiveCfg = Debug|Any CPU
		{E6CD36B6-157B-4B89-BCA0-AAAC0E56688A}.Debug|ARM64.Build.0 = Debug|Any CPU
		{E6CD36B6-157B-4B89-BCA0-AAAC0E56688A}.Debug|x64.ActiveCfg = Debug|Any CPU
		{E6CD36B6-157B-4B89-BCA0-AAAC0E56688A}.Debug|x64.Build.0 = Debug|Any CPU
		{E6CD36B6-157B-4B89-BCA0-AAAC0E56688A}.Debug|x86.ActiveCfg = Debug|Any CPU
		{E6CD36B6-157B-4B89-BCA0-AAAC0E56688A}.Debug|x86.Build.0 = Debug|Any CPU
		{E6CD36B6-157B-4B89-BCA0-AAAC0E56688A}.Release|Any CPU.ActiveCfg = Release|Any CPU
		{E6CD36B6-157B-4B89-BCA0-AAAC0E56688A}.Release|Any CPU.Build.0 = Release|Any CPU
		{E6CD36B6-157B-4B89-BCA0-AAAC0E56688A}.Release|ARM.ActiveCfg = Release|Any CPU
		{E6CD36B6-157B-4B89-BCA0-AAAC0E56688A}.Release|ARM.Build.0 = Release|Any CPU
		{E6CD36B6-157B-4B89-BCA0-AAAC0E56688A}.Release|ARM64.ActiveCfg = Release|Any CPU
		{E6CD36B6-157B-4B89-BCA0-AAAC0E56688A}.Release|ARM64.Build.0 = Release|Any CPU
		{E6CD36B6-157B-4B89-BCA0-AAAC0E56688A}.Release|x64.ActiveCfg = Release|Any CPU
		{E6CD36B6-157B-4B89-BCA0-AAAC0E56688A}.Release|x64.Build.0 = Release|Any CPU
		{E6CD36B6-157B-4B89-BCA0-AAAC0E56688A}.Release|x86.ActiveCfg = Release|Any CPU
		{E6CD36B6-157B-4B89-BCA0-AAAC0E56688A}.Release|x86.Build.0 = Release|Any CPU
>>>>>>> 40d3d4a (All tests running, 11 failing.)
		{0F86DE66-0B7D-4CBD-8C48-DCDF5C082756}.Debug|Any CPU.ActiveCfg = Debug|Any CPU
		{0F86DE66-0B7D-4CBD-8C48-DCDF5C082756}.Debug|Any CPU.Build.0 = Debug|Any CPU
		{0F86DE66-0B7D-4CBD-8C48-DCDF5C082756}.Debug|ARM.ActiveCfg = Debug|Any CPU
		{0F86DE66-0B7D-4CBD-8C48-DCDF5C082756}.Debug|ARM.Build.0 = Debug|Any CPU
		{0F86DE66-0B7D-4CBD-8C48-DCDF5C082756}.Debug|ARM64.ActiveCfg = Debug|Any CPU
		{0F86DE66-0B7D-4CBD-8C48-DCDF5C082756}.Debug|ARM64.Build.0 = Debug|Any CPU
		{0F86DE66-0B7D-4CBD-8C48-DCDF5C082756}.Debug|x64.ActiveCfg = Debug|Any CPU
		{0F86DE66-0B7D-4CBD-8C48-DCDF5C082756}.Debug|x64.Build.0 = Debug|Any CPU
		{0F86DE66-0B7D-4CBD-8C48-DCDF5C082756}.Debug|x86.ActiveCfg = Debug|Any CPU
		{0F86DE66-0B7D-4CBD-8C48-DCDF5C082756}.Debug|x86.Build.0 = Debug|Any CPU
		{0F86DE66-0B7D-4CBD-8C48-DCDF5C082756}.Release|Any CPU.ActiveCfg = Release|Any CPU
		{0F86DE66-0B7D-4CBD-8C48-DCDF5C082756}.Release|Any CPU.Build.0 = Release|Any CPU
		{0F86DE66-0B7D-4CBD-8C48-DCDF5C082756}.Release|ARM.ActiveCfg = Release|Any CPU
		{0F86DE66-0B7D-4CBD-8C48-DCDF5C082756}.Release|ARM.Build.0 = Release|Any CPU
		{0F86DE66-0B7D-4CBD-8C48-DCDF5C082756}.Release|ARM64.ActiveCfg = Release|Any CPU
		{0F86DE66-0B7D-4CBD-8C48-DCDF5C082756}.Release|ARM64.Build.0 = Release|Any CPU
		{0F86DE66-0B7D-4CBD-8C48-DCDF5C082756}.Release|x64.ActiveCfg = Release|Any CPU
		{0F86DE66-0B7D-4CBD-8C48-DCDF5C082756}.Release|x64.Build.0 = Release|Any CPU
		{0F86DE66-0B7D-4CBD-8C48-DCDF5C082756}.Release|x86.ActiveCfg = Release|Any CPU
		{0F86DE66-0B7D-4CBD-8C48-DCDF5C082756}.Release|x86.Build.0 = Release|Any CPU
<<<<<<< HEAD
=======
>>>>>>> Stashed changes
>>>>>>> 40d3d4a (All tests running, 11 failing.)
=======
=======
>>>>>>> 889fbac (Add Unit test for Butterworth Filter.)
		{E8BEDE94-9066-4113-BF03-CA02BACCDC39}.Debug|Any CPU.ActiveCfg = Debug|Any CPU
		{E8BEDE94-9066-4113-BF03-CA02BACCDC39}.Debug|Any CPU.Build.0 = Debug|Any CPU
		{E8BEDE94-9066-4113-BF03-CA02BACCDC39}.Debug|ARM.ActiveCfg = Debug|Any CPU
		{E8BEDE94-9066-4113-BF03-CA02BACCDC39}.Debug|ARM.Build.0 = Debug|Any CPU
		{E8BEDE94-9066-4113-BF03-CA02BACCDC39}.Debug|ARM64.ActiveCfg = Debug|Any CPU
		{E8BEDE94-9066-4113-BF03-CA02BACCDC39}.Debug|ARM64.Build.0 = Debug|Any CPU
		{E8BEDE94-9066-4113-BF03-CA02BACCDC39}.Debug|x64.ActiveCfg = Debug|Any CPU
		{E8BEDE94-9066-4113-BF03-CA02BACCDC39}.Debug|x64.Build.0 = Debug|Any CPU
		{E8BEDE94-9066-4113-BF03-CA02BACCDC39}.Debug|x86.ActiveCfg = Debug|Any CPU
		{E8BEDE94-9066-4113-BF03-CA02BACCDC39}.Debug|x86.Build.0 = Debug|Any CPU
		{E8BEDE94-9066-4113-BF03-CA02BACCDC39}.Release|Any CPU.ActiveCfg = Release|Any CPU
		{E8BEDE94-9066-4113-BF03-CA02BACCDC39}.Release|Any CPU.Build.0 = Release|Any CPU
		{E8BEDE94-9066-4113-BF03-CA02BACCDC39}.Release|ARM.ActiveCfg = Release|Any CPU
		{E8BEDE94-9066-4113-BF03-CA02BACCDC39}.Release|ARM.Build.0 = Release|Any CPU
		{E8BEDE94-9066-4113-BF03-CA02BACCDC39}.Release|ARM64.ActiveCfg = Release|Any CPU
		{E8BEDE94-9066-4113-BF03-CA02BACCDC39}.Release|ARM64.Build.0 = Release|Any CPU
		{E8BEDE94-9066-4113-BF03-CA02BACCDC39}.Release|x64.ActiveCfg = Release|Any CPU
		{E8BEDE94-9066-4113-BF03-CA02BACCDC39}.Release|x64.Build.0 = Release|Any CPU
		{E8BEDE94-9066-4113-BF03-CA02BACCDC39}.Release|x86.ActiveCfg = Release|Any CPU
		{E8BEDE94-9066-4113-BF03-CA02BACCDC39}.Release|x86.Build.0 = Release|Any CPU
<<<<<<< HEAD
>>>>>>> 964ff29 (Fixing NUnit references. Everything should use 3.13.3.0)
=======
=======
		{0F86DE66-0B7D-4CBD-8C48-DCDF5C082756}.Debug|Any CPU.ActiveCfg = Debug|Any CPU
		{0F86DE66-0B7D-4CBD-8C48-DCDF5C082756}.Debug|Any CPU.Build.0 = Debug|Any CPU
		{0F86DE66-0B7D-4CBD-8C48-DCDF5C082756}.Debug|ARM.ActiveCfg = Debug|Any CPU
		{0F86DE66-0B7D-4CBD-8C48-DCDF5C082756}.Debug|ARM.Build.0 = Debug|Any CPU
		{0F86DE66-0B7D-4CBD-8C48-DCDF5C082756}.Debug|ARM64.ActiveCfg = Debug|Any CPU
		{0F86DE66-0B7D-4CBD-8C48-DCDF5C082756}.Debug|ARM64.Build.0 = Debug|Any CPU
		{0F86DE66-0B7D-4CBD-8C48-DCDF5C082756}.Debug|x64.ActiveCfg = Debug|Any CPU
		{0F86DE66-0B7D-4CBD-8C48-DCDF5C082756}.Debug|x64.Build.0 = Debug|Any CPU
		{0F86DE66-0B7D-4CBD-8C48-DCDF5C082756}.Debug|x86.ActiveCfg = Debug|Any CPU
		{0F86DE66-0B7D-4CBD-8C48-DCDF5C082756}.Debug|x86.Build.0 = Debug|Any CPU
		{0F86DE66-0B7D-4CBD-8C48-DCDF5C082756}.Release|Any CPU.ActiveCfg = Release|Any CPU
		{0F86DE66-0B7D-4CBD-8C48-DCDF5C082756}.Release|Any CPU.Build.0 = Release|Any CPU
		{0F86DE66-0B7D-4CBD-8C48-DCDF5C082756}.Release|ARM.ActiveCfg = Release|Any CPU
		{0F86DE66-0B7D-4CBD-8C48-DCDF5C082756}.Release|ARM.Build.0 = Release|Any CPU
		{0F86DE66-0B7D-4CBD-8C48-DCDF5C082756}.Release|ARM64.ActiveCfg = Release|Any CPU
		{0F86DE66-0B7D-4CBD-8C48-DCDF5C082756}.Release|ARM64.Build.0 = Release|Any CPU
		{0F86DE66-0B7D-4CBD-8C48-DCDF5C082756}.Release|x64.ActiveCfg = Release|Any CPU
		{0F86DE66-0B7D-4CBD-8C48-DCDF5C082756}.Release|x64.Build.0 = Release|Any CPU
		{0F86DE66-0B7D-4CBD-8C48-DCDF5C082756}.Release|x86.ActiveCfg = Release|Any CPU
		{0F86DE66-0B7D-4CBD-8C48-DCDF5C082756}.Release|x86.Build.0 = Release|Any CPU
>>>>>>> d0a5f36 (Add Unit test for Butterworth Filter.)
>>>>>>> 889fbac (Add Unit test for Butterworth Filter.)
	EndGlobalSection
	GlobalSection(SolutionProperties) = preSolution
		HideSolutionNode = FALSE
	EndGlobalSection
	GlobalSection(NestedProjects) = preSolution
		{4DFE7BD2-F168-4AE7-B569-C684C1615EA7} = {ACE95B75-45C8-4CF8-AE21-519F9A5F6F13}
		{086669FE-817A-4BD2-84A4-E1D90C667250} = {93925AAF-A197-4A57-A6BD-EDF17C7B1B3C}
		{575091D8-A55C-4794-9F15-120E927C3305} = {ACE95B75-45C8-4CF8-AE21-519F9A5F6F13}
		{CDF87E43-0A6B-48E4-BD94-C44E35592AD4} = {9E84ED57-1086-4B8E-A67A-AA86F9F411F1}
		{AFC905F1-F4D7-430D-B005-B6B9E01245AF} = {633E509A-26A0-410E-BF83-91201ECBB488}
		{7C9C4206-DEBC-4F4E-9CC1-F44FEFBB27F3} = {633E509A-26A0-410E-BF83-91201ECBB488}
		{78931217-1400-4BFA-BB40-63CE304581EE} = {633E509A-26A0-410E-BF83-91201ECBB488}
		{BDA73C27-6B43-4F77-8D63-6DC8445553FB} = {633E509A-26A0-410E-BF83-91201ECBB488}
		{063FD01E-5FEF-47FE-912E-8ED54FEEA24B} = {AAF6F6C3-B4AC-4634-8B74-33953E96AB8A}
		{142AFFDB-3FA9-47D2-B28A-EC01595CFA19} = {789EF740-5925-4AF1-9E55-3315E731EE8A}
		{789EF740-5925-4AF1-9E55-3315E731EE8A} = {93925AAF-A197-4A57-A6BD-EDF17C7B1B3C}
		{329084C8-82D9-44C9-86DD-FA587C1A6FA4} = {789EF740-5925-4AF1-9E55-3315E731EE8A}
		{2CC3C5E5-DDF4-47D6-8252-3CEDBBCB580E} = {633E509A-26A0-410E-BF83-91201ECBB488}
		{2C48A0F7-1EF0-4AC7-BE71-E16667CF1E10} = {789EF740-5925-4AF1-9E55-3315E731EE8A}
<<<<<<< HEAD
		{A7693DF2-1BBE-44EC-BF5B-543F34F2AECB} = {086669FE-817A-4BD2-84A4-E1D90C667250}
		{ACE95B75-45C8-4CF8-AE21-519F9A5F6F13} = {93925AAF-A197-4A57-A6BD-EDF17C7B1B3C}
		{575091D8-A55C-4794-9F15-120E927C3305} = {ACE95B75-45C8-4CF8-AE21-519F9A5F6F13}
=======
>>>>>>> cb91759 (Fix location for AppCommon (now lives in Core).)
		{F0F5E736-155F-4D5F-B53E-665F708FD4ED} = {ACE95B75-45C8-4CF8-AE21-519F9A5F6F13}
		{22096879-8D63-4BBA-A77C-C82506994F8F} = {AAF6F6C3-B4AC-4634-8B74-33953E96AB8A}
		{789E1135-5218-4E29-85E6-08381CF4991A} = {ACE95B75-45C8-4CF8-AE21-519F9A5F6F13}
		{18326C80-2CC4-417D-8FEE-EA608ED85636} = {086669FE-817A-4BD2-84A4-E1D90C667250}
		{ACE95B75-45C8-4CF8-AE21-519F9A5F6F13} = {93925AAF-A197-4A57-A6BD-EDF17C7B1B3C}
		{9E84ED57-1086-4B8E-A67A-AA86F9F411F1} = {93925AAF-A197-4A57-A6BD-EDF17C7B1B3C}
		{9273DB5E-1F55-462F-A7EA-FA0A416FAF9A} = {9E84ED57-1086-4B8E-A67A-AA86F9F411F1}
		{82E001B5-0D5E-42B7-B9D5-8B63AD82BF9A} = {789EF740-5925-4AF1-9E55-3315E731EE8A}
		{304D8128-C1CD-479D-B03C-20343B51B2CE} = {633E509A-26A0-410E-BF83-91201ECBB488}
<<<<<<< HEAD
<<<<<<< HEAD
<<<<<<< HEAD
		{063FD01E-5FEF-47FE-912E-8ED54FEEA24B} = {B8F3F0FB-24DE-4E53-B508-FC51EC07816B}
		{E6CD36B6-157B-4B89-BCA0-AAAC0E56688A} = {B8F3F0FB-24DE-4E53-B508-FC51EC07816B}
		{22096879-8D63-4BBA-A77C-C82506994F8F} = {B8F3F0FB-24DE-4E53-B508-FC51EC07816B}
		{0F86DE66-0B7D-4CBD-8C48-DCDF5C082756} = {633E509A-26A0-410E-BF83-91201ECBB488}
=======
<<<<<<< Updated upstream
=======
		{E6CD36B6-157B-4B89-BCA0-AAAC0E56688A} = {B8F3F0FB-24DE-4E53-B508-FC51EC07816B}
		{0F86DE66-0B7D-4CBD-8C48-DCDF5C082756} = {633E509A-26A0-410E-BF83-91201ECBB488}
>>>>>>> Stashed changes
>>>>>>> 40d3d4a (All tests running, 11 failing.)
=======
=======
>>>>>>> 889fbac (Add Unit test for Butterworth Filter.)
		{E8BEDE94-9066-4113-BF03-CA02BACCDC39} = {633E509A-26A0-410E-BF83-91201ECBB488}
<<<<<<< HEAD
>>>>>>> 964ff29 (Fixing NUnit references. Everything should use 3.13.3.0)
=======
		{4743A956-2ABA-462E-8472-AC4178CF3FB7} = {522EAA69-4A13-4134-AFE1-041BB1877638}
<<<<<<< HEAD
>>>>>>> 765752f (Fixed NUnity version issues; Added more Readme.md's to more folders.)
=======
=======
		{063FD01E-5FEF-47FE-912E-8ED54FEEA24B} = {B8F3F0FB-24DE-4E53-B508-FC51EC07816B}
		{E6CD36B6-157B-4B89-BCA0-AAAC0E56688A} = {B8F3F0FB-24DE-4E53-B508-FC51EC07816B}
		{22096879-8D63-4BBA-A77C-C82506994F8F} = {B8F3F0FB-24DE-4E53-B508-FC51EC07816B}
		{0F86DE66-0B7D-4CBD-8C48-DCDF5C082756} = {633E509A-26A0-410E-BF83-91201ECBB488}
>>>>>>> d0a5f36 (Add Unit test for Butterworth Filter.)
>>>>>>> 889fbac (Add Unit test for Butterworth Filter.)
	EndGlobalSection
	GlobalSection(ExtensibilityGlobals) = postSolution
		SolutionGuid = {B78CF9FE-EE87-47B6-99F7-300B5AEFB5BC}
	EndGlobalSection
EndGlobal
