
Microsoft Visual Studio Solution File, Format Version 12.00
# Visual Studio 15
VisualStudioVersion = 15.0.28307.168
MinimumVisualStudioVersion = 10.0.40219.1
Project("{2150E333-8FDC-42A3-9474-1A3956D46DE8}") = "Test", "Test", "{633E509A-26A0-410E-BF83-91201ECBB488}"
	ProjectSection(SolutionItems) = preProject
		Test\Readme.md = Test\Readme.md
	EndProjectSection
EndProject
Project("{2150E333-8FDC-42A3-9474-1A3956D46DE8}") = "Library", "Library", "{93925AAF-A197-4A57-A6BD-EDF17C7B1B3C}"
	ProjectSection(SolutionItems) = preProject
		Library\Readme.md = Library\Readme.md
	EndProjectSection
EndProject
Project("{2150E333-8FDC-42A3-9474-1A3956D46DE8}") = "App", "App", "{7E50329A-E782-4AF6-B6BE-E0AB3FF26C82}"
	ProjectSection(SolutionItems) = preProject
		App\Readme.md = App\Readme.md
	EndProjectSection
EndProject
Project("{2150E333-8FDC-42A3-9474-1A3956D46DE8}") = "Doc", "Doc", "{F06FFE4A-7255-4347-B1E2-CA3296B27B59}"
	ProjectSection(SolutionItems) = preProject
		Readme.md = Readme.md
	EndProjectSection
EndProject
Project("{FAE04EC0-301F-11D3-BF4B-00C04F79EFBC}") = "NetworkGen", "App\NetworkGen\NetworkGen.csproj", "{E6CD36B6-157B-4B89-BCA0-AAAC0E56688A}"
	ProjectSection(ProjectDependencies) = postProject
		{329084C8-82D9-44C9-86DD-FA587C1A6FA4} = {329084C8-82D9-44C9-86DD-FA587C1A6FA4}
	EndProjectSection
EndProject
Project("{FAE04EC0-301F-11D3-BF4B-00C04F79EFBC}") = "Executor", "Library\Executor\Executor.csproj", "{4DFE7BD2-F168-4AE7-B569-C684C1615EA7}"
EndProject
Project("{2150E333-8FDC-42A3-9474-1A3956D46DE8}") = "External", "External", "{086669FE-817A-4BD2-84A4-E1D90C667250}"
EndProject
Project("{2150E333-8FDC-42A3-9474-1A3956D46DE8}") = "Bin", "Bin", "{723E24B8-056B-4C33-9446-6777AC37FFA4}"
	ProjectSection(SolutionItems) = preProject
		Bin\Readme.md = Bin\Readme.md
	EndProjectSection
EndProject
Project("{2150E333-8FDC-42A3-9474-1A3956D46DE8}") = "Unity3d", "Unity3d", "{D1E3528C-178C-48E2-96AC-738FD2EBA27F}"
	ProjectSection(SolutionItems) = preProject
		Unity3d\Readme.md = Unity3d\Readme.md
	EndProjectSection
EndProject
Project("{FAE04EC0-301F-11D3-BF4B-00C04F79EFBC}") = "Core", "Library\Core\Core.csproj", "{575091D8-A55C-4794-9F15-120E927C3305}"
EndProject
Project("{FAE04EC0-301F-11D3-BF4B-00C04F79EFBC}") = "Network", "Library\Network\Network.csproj", "{CDF87E43-0A6B-48E4-BD94-C44E35592AD4}"
EndProject
Project("{FAE04EC0-301F-11D3-BF4B-00C04F79EFBC}") = "TestCommon", "Test\TestCommon\TestCommon.csproj", "{AFC905F1-F4D7-430D-B005-B6B9E01245AF}"
EndProject
Project("{FAE04EC0-301F-11D3-BF4B-00C04F79EFBC}") = "TestCore", "Test\TestCore\TestCore.csproj", "{7C9C4206-DEBC-4F4E-9CC1-F44FEFBB27F3}"
EndProject
Project("{FAE04EC0-301F-11D3-BF4B-00C04F79EFBC}") = "TestExecutor", "Test\TestExecutor\TestExecutor.csproj", "{78931217-1400-4BFA-BB40-63CE304581EE}"
EndProject
Project("{FAE04EC0-301F-11D3-BF4B-00C04F79EFBC}") = "TestPi", "Test\TestPi\TestPi.csproj", "{BDA73C27-6B43-4F77-8D63-6DC8445553FB}"
EndProject
Project("{FAE04EC0-301F-11D3-BF4B-00C04F79EFBC}") = "Console", "App\Console\Console.csproj", "{063FD01E-5FEF-47FE-912E-8ED54FEEA24B}"
EndProject
Project("{2150E333-8FDC-42A3-9474-1A3956D46DE8}") = "PyroProject", "PyroProject", "{2F68091D-B2C5-42AB-9436-E62AB147912C}"
	ProjectSection(SolutionItems) = preProject
		.gitattributes = .gitattributes
		Unity3d\DriverProject\.gitignore = Unity3d\DriverProject\.gitignore
		.gitmodules = .gitmodules
	EndProjectSection
EndProject
Project("{2150E333-8FDC-42A3-9474-1A3956D46DE8}") = "Assets", "Assets", "{60581136-811F-494B-8673-936DBACC7570}"
EndProject
Project("{2150E333-8FDC-42A3-9474-1A3956D46DE8}") = "App", "App", "{CCE8DD57-FCD8-493F-968F-398C0E5EA5A0}"
	ProjectSection(SolutionItems) = preProject
		Unity3d\DiverProject\Assets\App\Enter.cs = Unity3d\DiverProject\Assets\App\Enter.cs
	EndProjectSection
EndProject
Project("{2150E333-8FDC-42A3-9474-1A3956D46DE8}") = "Liminal", "Liminal", "{1D2DF0BC-1801-4C5A-86E5-01B9A92A1B29}"
EndProject
Project("{2150E333-8FDC-42A3-9474-1A3956D46DE8}") = "Assemblies", "Assemblies", "{30E7E7DD-EBC5-45E5-A368-E86E49F79151}"
	ProjectSection(SolutionItems) = preProject
		Unity3d\DriverProject\Assets\Liminal\Assemblies\BuiltinTypes.dll = Unity3d\DriverProject\Assets\Liminal\Assemblies\BuiltinTypes.dll
		Unity3d\DriverProject\Assets\Liminal\Assemblies\Core.dll = Unity3d\DriverProject\Assets\Liminal\Assemblies\Core.dll
		Unity3d\DriverProject\Assets\Liminal\Assemblies\Executor.dll = Unity3d\DriverProject\Assets\Liminal\Assemblies\Executor.dll
		Unity3d\DriverProject\Assets\Liminal\Assemblies\LanguageCommon.dll = Unity3d\DriverProject\Assets\Liminal\Assemblies\LanguageCommon.dll
		Unity3d\DriverProject\Assets\Liminal\Assemblies\Network.dll = Unity3d\DriverProject\Assets\Liminal\Assemblies\Network.dll
		Unity3d\DriverProject\Assets\Liminal\Assemblies\NetworkCommsDotNet.dll = Unity3d\DriverProject\Assets\Liminal\Assemblies\NetworkCommsDotNet.dll
		Unity3d\DriverProject\Assets\Liminal\Assemblies\PiLang.dll = Unity3d\DriverProject\Assets\Liminal\Assemblies\PiLang.dll
		Unity3d\DriverProject\Assets\Liminal\Assemblies\RhoLang.dll = Unity3d\DriverProject\Assets\Liminal\Assemblies\RhoLang.dll
	EndProjectSection
EndProject
Project("{FAE04EC0-301F-11D3-BF4B-00C04F79EFBC}") = "PiLang", "Library\Language\PiLang\PiLang.csproj", "{142AFFDB-3FA9-47D2-B28A-EC01595CFA19}"
EndProject
Project("{2150E333-8FDC-42A3-9474-1A3956D46DE8}") = "Language", "Language", "{789EF740-5925-4AF1-9E55-3315E731EE8A}"
	ProjectSection(SolutionItems) = preProject
		Library\Readme.md = Library\Readme.md
	EndProjectSection
EndProject
Project("{FAE04EC0-301F-11D3-BF4B-00C04F79EFBC}") = "Common", "Library\Language\Common\Common.csproj", "{329084C8-82D9-44C9-86DD-FA587C1A6FA4}"
EndProject
Project("{FAE04EC0-301F-11D3-BF4B-00C04F79EFBC}") = "TestRho", "Test\TestRho\TestRho.csproj", "{2CC3C5E5-DDF4-47D6-8252-3CEDBBCB580E}"
EndProject
Project("{FAE04EC0-301F-11D3-BF4B-00C04F79EFBC}") = "RhoLang", "Library\Language\RhoLang\RhoLang.csproj", "{2C48A0F7-1EF0-4AC7-BE71-E16667CF1E10}"
EndProject
Project("{FAE04EC0-301F-11D3-BF4B-00C04F79EFBC}") = "ExecutionContext", "Library\Language\ExecutionContext\ExecutionContext.csproj", "{F0F5E736-155F-4D5F-B53E-665F708FD4ED}"
EndProject
Project("{FAE04EC0-301F-11D3-BF4B-00C04F79EFBC}") = "TestNetwork", "Test\TestNetwork\TestNetwork.csproj", "{E8BEDE94-9066-4113-BF03-CA02BACCDC39}"
EndProject
Project("{FAE04EC0-301F-11D3-BF4B-00C04F79EFBC}") = "Unity3d", "Library\Unity3d\Unity3d.csproj", "{35C70BEC-D08C-430D-BFCF-264A3879104F}"
EndProject
Project("{FAE04EC0-301F-11D3-BF4B-00C04F79EFBC}") = "AppCommon", "Library\AppCommon\AppCommon.csproj", "{FD200C39-038B-4F39-A7A8-249B6ECE6921}"
EndProject
Project("{FAE04EC0-301F-11D3-BF4B-00C04F79EFBC}") = "WinForms", "App\WinForms\WinForms.csproj", "{22096879-8D63-4BBA-A77C-C82506994F8F}"
EndProject
Project("{FAE04EC0-301F-11D3-BF4B-00C04F79EFBC}") = "StdIo", "Library\StdIo\StdIo.csproj", "{789E1135-5218-4E29-85E6-08381CF4991A}"
EndProject
Project("{FAE04EC0-301F-11D3-BF4B-00C04F79EFBC}") = "Flow2", "Library\Ext\Flow\Flow2.csproj", "{18326C80-2CC4-417D-8FEE-EA608ED85636}"
EndProject
Global
	GlobalSection(SolutionConfigurationPlatforms) = preSolution
		Debug|Any CPU = Debug|Any CPU
		Debug|ARM = Debug|ARM
		Debug|ARM64 = Debug|ARM64
		Debug|x64 = Debug|x64
		Debug|x86 = Debug|x86
		Release|Any CPU = Release|Any CPU
		Release|ARM = Release|ARM
		Release|ARM64 = Release|ARM64
		Release|x64 = Release|x64
		Release|x86 = Release|x86
	EndGlobalSection
	GlobalSection(ProjectConfigurationPlatforms) = postSolution
		{E6CD36B6-157B-4B89-BCA0-AAAC0E56688A}.Debug|Any CPU.ActiveCfg = Debug|Any CPU
		{E6CD36B6-157B-4B89-BCA0-AAAC0E56688A}.Debug|Any CPU.Build.0 = Debug|Any CPU
		{E6CD36B6-157B-4B89-BCA0-AAAC0E56688A}.Debug|ARM.ActiveCfg = Debug|Any CPU
		{E6CD36B6-157B-4B89-BCA0-AAAC0E56688A}.Debug|ARM.Build.0 = Debug|Any CPU
		{E6CD36B6-157B-4B89-BCA0-AAAC0E56688A}.Debug|ARM64.ActiveCfg = Debug|Any CPU
		{E6CD36B6-157B-4B89-BCA0-AAAC0E56688A}.Debug|ARM64.Build.0 = Debug|Any CPU
		{E6CD36B6-157B-4B89-BCA0-AAAC0E56688A}.Debug|x64.ActiveCfg = Debug|Any CPU
		{E6CD36B6-157B-4B89-BCA0-AAAC0E56688A}.Debug|x64.Build.0 = Debug|Any CPU
		{E6CD36B6-157B-4B89-BCA0-AAAC0E56688A}.Debug|x86.ActiveCfg = Debug|Any CPU
		{E6CD36B6-157B-4B89-BCA0-AAAC0E56688A}.Debug|x86.Build.0 = Debug|Any CPU
		{E6CD36B6-157B-4B89-BCA0-AAAC0E56688A}.Release|Any CPU.ActiveCfg = Release|Any CPU
		{E6CD36B6-157B-4B89-BCA0-AAAC0E56688A}.Release|Any CPU.Build.0 = Release|Any CPU
		{E6CD36B6-157B-4B89-BCA0-AAAC0E56688A}.Release|ARM.ActiveCfg = Release|Any CPU
		{E6CD36B6-157B-4B89-BCA0-AAAC0E56688A}.Release|ARM.Build.0 = Release|Any CPU
		{E6CD36B6-157B-4B89-BCA0-AAAC0E56688A}.Release|ARM64.ActiveCfg = Release|Any CPU
		{E6CD36B6-157B-4B89-BCA0-AAAC0E56688A}.Release|ARM64.Build.0 = Release|Any CPU
		{E6CD36B6-157B-4B89-BCA0-AAAC0E56688A}.Release|x64.ActiveCfg = Release|Any CPU
		{E6CD36B6-157B-4B89-BCA0-AAAC0E56688A}.Release|x64.Build.0 = Release|Any CPU
		{E6CD36B6-157B-4B89-BCA0-AAAC0E56688A}.Release|x86.ActiveCfg = Release|Any CPU
		{E6CD36B6-157B-4B89-BCA0-AAAC0E56688A}.Release|x86.Build.0 = Release|Any CPU
		{4DFE7BD2-F168-4AE7-B569-C684C1615EA7}.Debug|Any CPU.ActiveCfg = Debug|Any CPU
		{4DFE7BD2-F168-4AE7-B569-C684C1615EA7}.Debug|Any CPU.Build.0 = Debug|Any CPU
		{4DFE7BD2-F168-4AE7-B569-C684C1615EA7}.Debug|ARM.ActiveCfg = Debug|Any CPU
		{4DFE7BD2-F168-4AE7-B569-C684C1615EA7}.Debug|ARM.Build.0 = Debug|Any CPU
		{4DFE7BD2-F168-4AE7-B569-C684C1615EA7}.Debug|ARM64.ActiveCfg = Debug|Any CPU
		{4DFE7BD2-F168-4AE7-B569-C684C1615EA7}.Debug|ARM64.Build.0 = Debug|Any CPU
		{4DFE7BD2-F168-4AE7-B569-C684C1615EA7}.Debug|x64.ActiveCfg = Debug|Any CPU
		{4DFE7BD2-F168-4AE7-B569-C684C1615EA7}.Debug|x64.Build.0 = Debug|Any CPU
		{4DFE7BD2-F168-4AE7-B569-C684C1615EA7}.Debug|x86.ActiveCfg = Debug|Any CPU
		{4DFE7BD2-F168-4AE7-B569-C684C1615EA7}.Debug|x86.Build.0 = Debug|Any CPU
		{4DFE7BD2-F168-4AE7-B569-C684C1615EA7}.Release|Any CPU.ActiveCfg = Release|Any CPU
		{4DFE7BD2-F168-4AE7-B569-C684C1615EA7}.Release|Any CPU.Build.0 = Release|Any CPU
		{4DFE7BD2-F168-4AE7-B569-C684C1615EA7}.Release|ARM.ActiveCfg = Release|Any CPU
		{4DFE7BD2-F168-4AE7-B569-C684C1615EA7}.Release|ARM.Build.0 = Release|Any CPU
		{4DFE7BD2-F168-4AE7-B569-C684C1615EA7}.Release|ARM64.ActiveCfg = Release|Any CPU
		{4DFE7BD2-F168-4AE7-B569-C684C1615EA7}.Release|ARM64.Build.0 = Release|Any CPU
		{4DFE7BD2-F168-4AE7-B569-C684C1615EA7}.Release|x64.ActiveCfg = Release|Any CPU
		{4DFE7BD2-F168-4AE7-B569-C684C1615EA7}.Release|x64.Build.0 = Release|Any CPU
		{4DFE7BD2-F168-4AE7-B569-C684C1615EA7}.Release|x86.ActiveCfg = Release|Any CPU
		{4DFE7BD2-F168-4AE7-B569-C684C1615EA7}.Release|x86.Build.0 = Release|Any CPU
		{575091D8-A55C-4794-9F15-120E927C3305}.Debug|Any CPU.ActiveCfg = Debug|Any CPU
		{575091D8-A55C-4794-9F15-120E927C3305}.Debug|Any CPU.Build.0 = Debug|Any CPU
		{575091D8-A55C-4794-9F15-120E927C3305}.Debug|ARM.ActiveCfg = Debug|Any CPU
		{575091D8-A55C-4794-9F15-120E927C3305}.Debug|ARM.Build.0 = Debug|Any CPU
		{575091D8-A55C-4794-9F15-120E927C3305}.Debug|ARM64.ActiveCfg = Debug|Any CPU
		{575091D8-A55C-4794-9F15-120E927C3305}.Debug|ARM64.Build.0 = Debug|Any CPU
		{575091D8-A55C-4794-9F15-120E927C3305}.Debug|x64.ActiveCfg = Debug|Any CPU
		{575091D8-A55C-4794-9F15-120E927C3305}.Debug|x64.Build.0 = Debug|Any CPU
		{575091D8-A55C-4794-9F15-120E927C3305}.Debug|x86.ActiveCfg = Debug|Any CPU
		{575091D8-A55C-4794-9F15-120E927C3305}.Debug|x86.Build.0 = Debug|Any CPU
		{575091D8-A55C-4794-9F15-120E927C3305}.Release|Any CPU.ActiveCfg = Release|Any CPU
		{575091D8-A55C-4794-9F15-120E927C3305}.Release|Any CPU.Build.0 = Release|Any CPU
		{575091D8-A55C-4794-9F15-120E927C3305}.Release|ARM.ActiveCfg = Release|Any CPU
		{575091D8-A55C-4794-9F15-120E927C3305}.Release|ARM.Build.0 = Release|Any CPU
		{575091D8-A55C-4794-9F15-120E927C3305}.Release|ARM64.ActiveCfg = Release|Any CPU
		{575091D8-A55C-4794-9F15-120E927C3305}.Release|ARM64.Build.0 = Release|Any CPU
		{575091D8-A55C-4794-9F15-120E927C3305}.Release|x64.ActiveCfg = Release|Any CPU
		{575091D8-A55C-4794-9F15-120E927C3305}.Release|x64.Build.0 = Release|Any CPU
		{575091D8-A55C-4794-9F15-120E927C3305}.Release|x86.ActiveCfg = Release|Any CPU
		{575091D8-A55C-4794-9F15-120E927C3305}.Release|x86.Build.0 = Release|Any CPU
		{CDF87E43-0A6B-48E4-BD94-C44E35592AD4}.Debug|Any CPU.ActiveCfg = Debug|Any CPU
		{CDF87E43-0A6B-48E4-BD94-C44E35592AD4}.Debug|Any CPU.Build.0 = Debug|Any CPU
		{CDF87E43-0A6B-48E4-BD94-C44E35592AD4}.Debug|ARM.ActiveCfg = Debug|Any CPU
		{CDF87E43-0A6B-48E4-BD94-C44E35592AD4}.Debug|ARM.Build.0 = Debug|Any CPU
		{CDF87E43-0A6B-48E4-BD94-C44E35592AD4}.Debug|ARM64.ActiveCfg = Debug|Any CPU
		{CDF87E43-0A6B-48E4-BD94-C44E35592AD4}.Debug|ARM64.Build.0 = Debug|Any CPU
		{CDF87E43-0A6B-48E4-BD94-C44E35592AD4}.Debug|x64.ActiveCfg = Debug|Any CPU
		{CDF87E43-0A6B-48E4-BD94-C44E35592AD4}.Debug|x64.Build.0 = Debug|Any CPU
		{CDF87E43-0A6B-48E4-BD94-C44E35592AD4}.Debug|x86.ActiveCfg = Debug|Any CPU
		{CDF87E43-0A6B-48E4-BD94-C44E35592AD4}.Debug|x86.Build.0 = Debug|Any CPU
		{CDF87E43-0A6B-48E4-BD94-C44E35592AD4}.Release|Any CPU.ActiveCfg = Release|Any CPU
		{CDF87E43-0A6B-48E4-BD94-C44E35592AD4}.Release|Any CPU.Build.0 = Release|Any CPU
		{CDF87E43-0A6B-48E4-BD94-C44E35592AD4}.Release|ARM.ActiveCfg = Release|Any CPU
		{CDF87E43-0A6B-48E4-BD94-C44E35592AD4}.Release|ARM.Build.0 = Release|Any CPU
		{CDF87E43-0A6B-48E4-BD94-C44E35592AD4}.Release|ARM64.ActiveCfg = Release|Any CPU
		{CDF87E43-0A6B-48E4-BD94-C44E35592AD4}.Release|ARM64.Build.0 = Release|Any CPU
		{CDF87E43-0A6B-48E4-BD94-C44E35592AD4}.Release|x64.ActiveCfg = Release|Any CPU
		{CDF87E43-0A6B-48E4-BD94-C44E35592AD4}.Release|x64.Build.0 = Release|Any CPU
		{CDF87E43-0A6B-48E4-BD94-C44E35592AD4}.Release|x86.ActiveCfg = Release|Any CPU
		{CDF87E43-0A6B-48E4-BD94-C44E35592AD4}.Release|x86.Build.0 = Release|Any CPU
		{AFC905F1-F4D7-430D-B005-B6B9E01245AF}.Debug|Any CPU.ActiveCfg = Debug|Any CPU
		{AFC905F1-F4D7-430D-B005-B6B9E01245AF}.Debug|Any CPU.Build.0 = Debug|Any CPU
		{AFC905F1-F4D7-430D-B005-B6B9E01245AF}.Debug|ARM.ActiveCfg = Debug|Any CPU
		{AFC905F1-F4D7-430D-B005-B6B9E01245AF}.Debug|ARM.Build.0 = Debug|Any CPU
		{AFC905F1-F4D7-430D-B005-B6B9E01245AF}.Debug|ARM64.ActiveCfg = Debug|Any CPU
		{AFC905F1-F4D7-430D-B005-B6B9E01245AF}.Debug|ARM64.Build.0 = Debug|Any CPU
		{AFC905F1-F4D7-430D-B005-B6B9E01245AF}.Debug|x64.ActiveCfg = Debug|Any CPU
		{AFC905F1-F4D7-430D-B005-B6B9E01245AF}.Debug|x64.Build.0 = Debug|Any CPU
		{AFC905F1-F4D7-430D-B005-B6B9E01245AF}.Debug|x86.ActiveCfg = Debug|Any CPU
		{AFC905F1-F4D7-430D-B005-B6B9E01245AF}.Debug|x86.Build.0 = Debug|Any CPU
		{AFC905F1-F4D7-430D-B005-B6B9E01245AF}.Release|Any CPU.ActiveCfg = Release|Any CPU
		{AFC905F1-F4D7-430D-B005-B6B9E01245AF}.Release|Any CPU.Build.0 = Release|Any CPU
		{AFC905F1-F4D7-430D-B005-B6B9E01245AF}.Release|ARM.ActiveCfg = Release|Any CPU
		{AFC905F1-F4D7-430D-B005-B6B9E01245AF}.Release|ARM.Build.0 = Release|Any CPU
		{AFC905F1-F4D7-430D-B005-B6B9E01245AF}.Release|ARM64.ActiveCfg = Release|Any CPU
		{AFC905F1-F4D7-430D-B005-B6B9E01245AF}.Release|ARM64.Build.0 = Release|Any CPU
		{AFC905F1-F4D7-430D-B005-B6B9E01245AF}.Release|x64.ActiveCfg = Release|Any CPU
		{AFC905F1-F4D7-430D-B005-B6B9E01245AF}.Release|x86.ActiveCfg = Release|Any CPU
		{AFC905F1-F4D7-430D-B005-B6B9E01245AF}.Release|x86.Build.0 = Release|Any CPU
		{7C9C4206-DEBC-4F4E-9CC1-F44FEFBB27F3}.Debug|Any CPU.ActiveCfg = Debug|Any CPU
		{7C9C4206-DEBC-4F4E-9CC1-F44FEFBB27F3}.Debug|Any CPU.Build.0 = Debug|Any CPU
		{7C9C4206-DEBC-4F4E-9CC1-F44FEFBB27F3}.Debug|ARM.ActiveCfg = Debug|Any CPU
		{7C9C4206-DEBC-4F4E-9CC1-F44FEFBB27F3}.Debug|ARM.Build.0 = Debug|Any CPU
		{7C9C4206-DEBC-4F4E-9CC1-F44FEFBB27F3}.Debug|ARM64.ActiveCfg = Debug|Any CPU
		{7C9C4206-DEBC-4F4E-9CC1-F44FEFBB27F3}.Debug|ARM64.Build.0 = Debug|Any CPU
		{7C9C4206-DEBC-4F4E-9CC1-F44FEFBB27F3}.Debug|x64.ActiveCfg = Debug|Any CPU
		{7C9C4206-DEBC-4F4E-9CC1-F44FEFBB27F3}.Debug|x64.Build.0 = Debug|Any CPU
		{7C9C4206-DEBC-4F4E-9CC1-F44FEFBB27F3}.Debug|x86.ActiveCfg = Debug|Any CPU
		{7C9C4206-DEBC-4F4E-9CC1-F44FEFBB27F3}.Debug|x86.Build.0 = Debug|Any CPU
		{7C9C4206-DEBC-4F4E-9CC1-F44FEFBB27F3}.Release|Any CPU.ActiveCfg = Release|Any CPU
		{7C9C4206-DEBC-4F4E-9CC1-F44FEFBB27F3}.Release|Any CPU.Build.0 = Release|Any CPU
		{7C9C4206-DEBC-4F4E-9CC1-F44FEFBB27F3}.Release|ARM.ActiveCfg = Release|Any CPU
		{7C9C4206-DEBC-4F4E-9CC1-F44FEFBB27F3}.Release|ARM.Build.0 = Release|Any CPU
		{7C9C4206-DEBC-4F4E-9CC1-F44FEFBB27F3}.Release|ARM64.ActiveCfg = Release|Any CPU
		{7C9C4206-DEBC-4F4E-9CC1-F44FEFBB27F3}.Release|ARM64.Build.0 = Release|Any CPU
		{7C9C4206-DEBC-4F4E-9CC1-F44FEFBB27F3}.Release|x64.ActiveCfg = Release|Any CPU
		{7C9C4206-DEBC-4F4E-9CC1-F44FEFBB27F3}.Release|x86.ActiveCfg = Release|Any CPU
		{7C9C4206-DEBC-4F4E-9CC1-F44FEFBB27F3}.Release|x86.Build.0 = Release|Any CPU
		{78931217-1400-4BFA-BB40-63CE304581EE}.Debug|Any CPU.ActiveCfg = Debug|Any CPU
		{78931217-1400-4BFA-BB40-63CE304581EE}.Debug|Any CPU.Build.0 = Debug|Any CPU
		{78931217-1400-4BFA-BB40-63CE304581EE}.Debug|ARM.ActiveCfg = Debug|Any CPU
		{78931217-1400-4BFA-BB40-63CE304581EE}.Debug|ARM.Build.0 = Debug|Any CPU
		{78931217-1400-4BFA-BB40-63CE304581EE}.Debug|ARM64.ActiveCfg = Debug|Any CPU
		{78931217-1400-4BFA-BB40-63CE304581EE}.Debug|ARM64.Build.0 = Debug|Any CPU
		{78931217-1400-4BFA-BB40-63CE304581EE}.Debug|x64.ActiveCfg = Debug|Any CPU
		{78931217-1400-4BFA-BB40-63CE304581EE}.Debug|x64.Build.0 = Debug|Any CPU
		{78931217-1400-4BFA-BB40-63CE304581EE}.Debug|x86.ActiveCfg = Debug|Any CPU
		{78931217-1400-4BFA-BB40-63CE304581EE}.Debug|x86.Build.0 = Debug|Any CPU
		{78931217-1400-4BFA-BB40-63CE304581EE}.Release|Any CPU.ActiveCfg = Release|Any CPU
		{78931217-1400-4BFA-BB40-63CE304581EE}.Release|Any CPU.Build.0 = Release|Any CPU
		{78931217-1400-4BFA-BB40-63CE304581EE}.Release|ARM.ActiveCfg = Release|Any CPU
		{78931217-1400-4BFA-BB40-63CE304581EE}.Release|ARM.Build.0 = Release|Any CPU
		{78931217-1400-4BFA-BB40-63CE304581EE}.Release|ARM64.ActiveCfg = Release|Any CPU
		{78931217-1400-4BFA-BB40-63CE304581EE}.Release|ARM64.Build.0 = Release|Any CPU
		{78931217-1400-4BFA-BB40-63CE304581EE}.Release|x64.ActiveCfg = Release|Any CPU
		{78931217-1400-4BFA-BB40-63CE304581EE}.Release|x86.ActiveCfg = Release|Any CPU
		{78931217-1400-4BFA-BB40-63CE304581EE}.Release|x86.Build.0 = Release|Any CPU
		{BDA73C27-6B43-4F77-8D63-6DC8445553FB}.Debug|Any CPU.ActiveCfg = Debug|Any CPU
		{BDA73C27-6B43-4F77-8D63-6DC8445553FB}.Debug|Any CPU.Build.0 = Debug|Any CPU
		{BDA73C27-6B43-4F77-8D63-6DC8445553FB}.Debug|ARM.ActiveCfg = Debug|Any CPU
		{BDA73C27-6B43-4F77-8D63-6DC8445553FB}.Debug|ARM.Build.0 = Debug|Any CPU
		{BDA73C27-6B43-4F77-8D63-6DC8445553FB}.Debug|ARM64.ActiveCfg = Debug|Any CPU
		{BDA73C27-6B43-4F77-8D63-6DC8445553FB}.Debug|ARM64.Build.0 = Debug|Any CPU
		{BDA73C27-6B43-4F77-8D63-6DC8445553FB}.Debug|x64.ActiveCfg = Debug|Any CPU
		{BDA73C27-6B43-4F77-8D63-6DC8445553FB}.Debug|x64.Build.0 = Debug|Any CPU
		{BDA73C27-6B43-4F77-8D63-6DC8445553FB}.Debug|x86.ActiveCfg = Debug|Any CPU
		{BDA73C27-6B43-4F77-8D63-6DC8445553FB}.Debug|x86.Build.0 = Debug|Any CPU
		{BDA73C27-6B43-4F77-8D63-6DC8445553FB}.Release|Any CPU.ActiveCfg = Release|Any CPU
		{BDA73C27-6B43-4F77-8D63-6DC8445553FB}.Release|Any CPU.Build.0 = Release|Any CPU
		{BDA73C27-6B43-4F77-8D63-6DC8445553FB}.Release|ARM.ActiveCfg = Release|Any CPU
		{BDA73C27-6B43-4F77-8D63-6DC8445553FB}.Release|ARM.Build.0 = Release|Any CPU
		{BDA73C27-6B43-4F77-8D63-6DC8445553FB}.Release|ARM64.ActiveCfg = Release|Any CPU
		{BDA73C27-6B43-4F77-8D63-6DC8445553FB}.Release|ARM64.Build.0 = Release|Any CPU
		{BDA73C27-6B43-4F77-8D63-6DC8445553FB}.Release|x64.ActiveCfg = Release|Any CPU
		{BDA73C27-6B43-4F77-8D63-6DC8445553FB}.Release|x86.ActiveCfg = Release|Any CPU
		{BDA73C27-6B43-4F77-8D63-6DC8445553FB}.Release|x86.Build.0 = Release|Any CPU
		{063FD01E-5FEF-47FE-912E-8ED54FEEA24B}.Debug|Any CPU.ActiveCfg = Debug|Any CPU
		{063FD01E-5FEF-47FE-912E-8ED54FEEA24B}.Debug|Any CPU.Build.0 = Debug|Any CPU
		{063FD01E-5FEF-47FE-912E-8ED54FEEA24B}.Debug|ARM.ActiveCfg = Debug|Any CPU
		{063FD01E-5FEF-47FE-912E-8ED54FEEA24B}.Debug|ARM.Build.0 = Debug|Any CPU
		{063FD01E-5FEF-47FE-912E-8ED54FEEA24B}.Debug|ARM64.ActiveCfg = Debug|Any CPU
		{063FD01E-5FEF-47FE-912E-8ED54FEEA24B}.Debug|ARM64.Build.0 = Debug|Any CPU
		{063FD01E-5FEF-47FE-912E-8ED54FEEA24B}.Debug|x64.ActiveCfg = Debug|Any CPU
		{063FD01E-5FEF-47FE-912E-8ED54FEEA24B}.Debug|x64.Build.0 = Debug|Any CPU
		{063FD01E-5FEF-47FE-912E-8ED54FEEA24B}.Debug|x86.ActiveCfg = Debug|Any CPU
		{063FD01E-5FEF-47FE-912E-8ED54FEEA24B}.Debug|x86.Build.0 = Debug|Any CPU
		{063FD01E-5FEF-47FE-912E-8ED54FEEA24B}.Release|Any CPU.ActiveCfg = Release|Any CPU
		{063FD01E-5FEF-47FE-912E-8ED54FEEA24B}.Release|Any CPU.Build.0 = Release|Any CPU
		{063FD01E-5FEF-47FE-912E-8ED54FEEA24B}.Release|ARM.ActiveCfg = Release|Any CPU
		{063FD01E-5FEF-47FE-912E-8ED54FEEA24B}.Release|ARM.Build.0 = Release|Any CPU
		{063FD01E-5FEF-47FE-912E-8ED54FEEA24B}.Release|ARM64.ActiveCfg = Release|Any CPU
		{063FD01E-5FEF-47FE-912E-8ED54FEEA24B}.Release|ARM64.Build.0 = Release|Any CPU
		{063FD01E-5FEF-47FE-912E-8ED54FEEA24B}.Release|x64.ActiveCfg = Release|Any CPU
		{063FD01E-5FEF-47FE-912E-8ED54FEEA24B}.Release|x64.Build.0 = Release|Any CPU
		{063FD01E-5FEF-47FE-912E-8ED54FEEA24B}.Release|x86.ActiveCfg = Release|Any CPU
		{063FD01E-5FEF-47FE-912E-8ED54FEEA24B}.Release|x86.Build.0 = Release|Any CPU
		{142AFFDB-3FA9-47D2-B28A-EC01595CFA19}.Debug|Any CPU.ActiveCfg = Debug|Any CPU
		{142AFFDB-3FA9-47D2-B28A-EC01595CFA19}.Debug|Any CPU.Build.0 = Debug|Any CPU
		{142AFFDB-3FA9-47D2-B28A-EC01595CFA19}.Debug|ARM.ActiveCfg = Debug|Any CPU
		{142AFFDB-3FA9-47D2-B28A-EC01595CFA19}.Debug|ARM.Build.0 = Debug|Any CPU
		{142AFFDB-3FA9-47D2-B28A-EC01595CFA19}.Debug|ARM64.ActiveCfg = Debug|Any CPU
		{142AFFDB-3FA9-47D2-B28A-EC01595CFA19}.Debug|ARM64.Build.0 = Debug|Any CPU
		{142AFFDB-3FA9-47D2-B28A-EC01595CFA19}.Debug|x64.ActiveCfg = Debug|Any CPU
		{142AFFDB-3FA9-47D2-B28A-EC01595CFA19}.Debug|x64.Build.0 = Debug|Any CPU
		{142AFFDB-3FA9-47D2-B28A-EC01595CFA19}.Debug|x86.ActiveCfg = Debug|Any CPU
		{142AFFDB-3FA9-47D2-B28A-EC01595CFA19}.Debug|x86.Build.0 = Debug|Any CPU
		{142AFFDB-3FA9-47D2-B28A-EC01595CFA19}.Release|Any CPU.ActiveCfg = Release|Any CPU
		{142AFFDB-3FA9-47D2-B28A-EC01595CFA19}.Release|Any CPU.Build.0 = Release|Any CPU
		{142AFFDB-3FA9-47D2-B28A-EC01595CFA19}.Release|ARM.ActiveCfg = Release|Any CPU
		{142AFFDB-3FA9-47D2-B28A-EC01595CFA19}.Release|ARM.Build.0 = Release|Any CPU
		{142AFFDB-3FA9-47D2-B28A-EC01595CFA19}.Release|ARM64.ActiveCfg = Release|Any CPU
		{142AFFDB-3FA9-47D2-B28A-EC01595CFA19}.Release|ARM64.Build.0 = Release|Any CPU
		{142AFFDB-3FA9-47D2-B28A-EC01595CFA19}.Release|x64.ActiveCfg = Release|Any CPU
		{142AFFDB-3FA9-47D2-B28A-EC01595CFA19}.Release|x64.Build.0 = Release|Any CPU
		{142AFFDB-3FA9-47D2-B28A-EC01595CFA19}.Release|x86.ActiveCfg = Release|Any CPU
		{142AFFDB-3FA9-47D2-B28A-EC01595CFA19}.Release|x86.Build.0 = Release|Any CPU
		{329084C8-82D9-44C9-86DD-FA587C1A6FA4}.Debug|Any CPU.ActiveCfg = Debug|Any CPU
		{329084C8-82D9-44C9-86DD-FA587C1A6FA4}.Debug|Any CPU.Build.0 = Debug|Any CPU
		{329084C8-82D9-44C9-86DD-FA587C1A6FA4}.Debug|ARM.ActiveCfg = Debug|Any CPU
		{329084C8-82D9-44C9-86DD-FA587C1A6FA4}.Debug|ARM.Build.0 = Debug|Any CPU
		{329084C8-82D9-44C9-86DD-FA587C1A6FA4}.Debug|ARM64.ActiveCfg = Debug|Any CPU
		{329084C8-82D9-44C9-86DD-FA587C1A6FA4}.Debug|ARM64.Build.0 = Debug|Any CPU
		{329084C8-82D9-44C9-86DD-FA587C1A6FA4}.Debug|x64.ActiveCfg = Debug|Any CPU
		{329084C8-82D9-44C9-86DD-FA587C1A6FA4}.Debug|x64.Build.0 = Debug|Any CPU
		{329084C8-82D9-44C9-86DD-FA587C1A6FA4}.Debug|x86.ActiveCfg = Debug|Any CPU
		{329084C8-82D9-44C9-86DD-FA587C1A6FA4}.Debug|x86.Build.0 = Debug|Any CPU
		{329084C8-82D9-44C9-86DD-FA587C1A6FA4}.Release|Any CPU.ActiveCfg = Release|Any CPU
		{329084C8-82D9-44C9-86DD-FA587C1A6FA4}.Release|Any CPU.Build.0 = Release|Any CPU
		{329084C8-82D9-44C9-86DD-FA587C1A6FA4}.Release|ARM.ActiveCfg = Release|Any CPU
		{329084C8-82D9-44C9-86DD-FA587C1A6FA4}.Release|ARM.Build.0 = Release|Any CPU
		{329084C8-82D9-44C9-86DD-FA587C1A6FA4}.Release|ARM64.ActiveCfg = Release|Any CPU
		{329084C8-82D9-44C9-86DD-FA587C1A6FA4}.Release|ARM64.Build.0 = Release|Any CPU
		{329084C8-82D9-44C9-86DD-FA587C1A6FA4}.Release|x64.ActiveCfg = Release|Any CPU
		{329084C8-82D9-44C9-86DD-FA587C1A6FA4}.Release|x64.Build.0 = Release|Any CPU
		{329084C8-82D9-44C9-86DD-FA587C1A6FA4}.Release|x86.ActiveCfg = Release|Any CPU
		{329084C8-82D9-44C9-86DD-FA587C1A6FA4}.Release|x86.Build.0 = Release|Any CPU
		{2CC3C5E5-DDF4-47D6-8252-3CEDBBCB580E}.Debug|Any CPU.ActiveCfg = Debug|Any CPU
		{2CC3C5E5-DDF4-47D6-8252-3CEDBBCB580E}.Debug|Any CPU.Build.0 = Debug|Any CPU
		{2CC3C5E5-DDF4-47D6-8252-3CEDBBCB580E}.Debug|ARM.ActiveCfg = Debug|Any CPU
		{2CC3C5E5-DDF4-47D6-8252-3CEDBBCB580E}.Debug|ARM.Build.0 = Debug|Any CPU
		{2CC3C5E5-DDF4-47D6-8252-3CEDBBCB580E}.Debug|ARM64.ActiveCfg = Debug|Any CPU
		{2CC3C5E5-DDF4-47D6-8252-3CEDBBCB580E}.Debug|ARM64.Build.0 = Debug|Any CPU
		{2CC3C5E5-DDF4-47D6-8252-3CEDBBCB580E}.Debug|x64.ActiveCfg = Debug|Any CPU
		{2CC3C5E5-DDF4-47D6-8252-3CEDBBCB580E}.Debug|x64.Build.0 = Debug|Any CPU
		{2CC3C5E5-DDF4-47D6-8252-3CEDBBCB580E}.Debug|x86.ActiveCfg = Debug|Any CPU
		{2CC3C5E5-DDF4-47D6-8252-3CEDBBCB580E}.Debug|x86.Build.0 = Debug|Any CPU
		{2CC3C5E5-DDF4-47D6-8252-3CEDBBCB580E}.Release|Any CPU.ActiveCfg = Release|Any CPU
		{2CC3C5E5-DDF4-47D6-8252-3CEDBBCB580E}.Release|Any CPU.Build.0 = Release|Any CPU
		{2CC3C5E5-DDF4-47D6-8252-3CEDBBCB580E}.Release|ARM.ActiveCfg = Release|Any CPU
		{2CC3C5E5-DDF4-47D6-8252-3CEDBBCB580E}.Release|ARM.Build.0 = Release|Any CPU
		{2CC3C5E5-DDF4-47D6-8252-3CEDBBCB580E}.Release|ARM64.ActiveCfg = Release|Any CPU
		{2CC3C5E5-DDF4-47D6-8252-3CEDBBCB580E}.Release|ARM64.Build.0 = Release|Any CPU
		{2CC3C5E5-DDF4-47D6-8252-3CEDBBCB580E}.Release|x64.ActiveCfg = Release|Any CPU
		{2CC3C5E5-DDF4-47D6-8252-3CEDBBCB580E}.Release|x86.ActiveCfg = Release|Any CPU
		{2CC3C5E5-DDF4-47D6-8252-3CEDBBCB580E}.Release|x86.Build.0 = Release|Any CPU
		{2C48A0F7-1EF0-4AC7-BE71-E16667CF1E10}.Debug|Any CPU.ActiveCfg = Debug|Any CPU
		{2C48A0F7-1EF0-4AC7-BE71-E16667CF1E10}.Debug|Any CPU.Build.0 = Debug|Any CPU
		{2C48A0F7-1EF0-4AC7-BE71-E16667CF1E10}.Debug|ARM.ActiveCfg = Debug|Any CPU
		{2C48A0F7-1EF0-4AC7-BE71-E16667CF1E10}.Debug|ARM.Build.0 = Debug|Any CPU
		{2C48A0F7-1EF0-4AC7-BE71-E16667CF1E10}.Debug|ARM64.ActiveCfg = Debug|Any CPU
		{2C48A0F7-1EF0-4AC7-BE71-E16667CF1E10}.Debug|ARM64.Build.0 = Debug|Any CPU
		{2C48A0F7-1EF0-4AC7-BE71-E16667CF1E10}.Debug|x64.ActiveCfg = Debug|Any CPU
		{2C48A0F7-1EF0-4AC7-BE71-E16667CF1E10}.Debug|x64.Build.0 = Debug|Any CPU
		{2C48A0F7-1EF0-4AC7-BE71-E16667CF1E10}.Debug|x86.ActiveCfg = Debug|Any CPU
		{2C48A0F7-1EF0-4AC7-BE71-E16667CF1E10}.Debug|x86.Build.0 = Debug|Any CPU
		{2C48A0F7-1EF0-4AC7-BE71-E16667CF1E10}.Release|Any CPU.ActiveCfg = Release|Any CPU
		{2C48A0F7-1EF0-4AC7-BE71-E16667CF1E10}.Release|Any CPU.Build.0 = Release|Any CPU
		{2C48A0F7-1EF0-4AC7-BE71-E16667CF1E10}.Release|ARM.ActiveCfg = Release|Any CPU
		{2C48A0F7-1EF0-4AC7-BE71-E16667CF1E10}.Release|ARM.Build.0 = Release|Any CPU
		{2C48A0F7-1EF0-4AC7-BE71-E16667CF1E10}.Release|ARM64.ActiveCfg = Release|Any CPU
		{2C48A0F7-1EF0-4AC7-BE71-E16667CF1E10}.Release|ARM64.Build.0 = Release|Any CPU
		{2C48A0F7-1EF0-4AC7-BE71-E16667CF1E10}.Release|x64.ActiveCfg = Release|Any CPU
		{2C48A0F7-1EF0-4AC7-BE71-E16667CF1E10}.Release|x64.Build.0 = Release|Any CPU
		{2C48A0F7-1EF0-4AC7-BE71-E16667CF1E10}.Release|x86.ActiveCfg = Release|Any CPU
		{2C48A0F7-1EF0-4AC7-BE71-E16667CF1E10}.Release|x86.Build.0 = Release|Any CPU
		{F0F5E736-155F-4D5F-B53E-665F708FD4ED}.Debug|Any CPU.ActiveCfg = Debug|Any CPU
		{F0F5E736-155F-4D5F-B53E-665F708FD4ED}.Debug|Any CPU.Build.0 = Debug|Any CPU
		{F0F5E736-155F-4D5F-B53E-665F708FD4ED}.Debug|ARM.ActiveCfg = Debug|Any CPU
		{F0F5E736-155F-4D5F-B53E-665F708FD4ED}.Debug|ARM.Build.0 = Debug|Any CPU
		{F0F5E736-155F-4D5F-B53E-665F708FD4ED}.Debug|ARM64.ActiveCfg = Debug|Any CPU
		{F0F5E736-155F-4D5F-B53E-665F708FD4ED}.Debug|ARM64.Build.0 = Debug|Any CPU
		{F0F5E736-155F-4D5F-B53E-665F708FD4ED}.Debug|x64.ActiveCfg = Debug|Any CPU
		{F0F5E736-155F-4D5F-B53E-665F708FD4ED}.Debug|x64.Build.0 = Debug|Any CPU
		{F0F5E736-155F-4D5F-B53E-665F708FD4ED}.Debug|x86.ActiveCfg = Debug|Any CPU
		{F0F5E736-155F-4D5F-B53E-665F708FD4ED}.Debug|x86.Build.0 = Debug|Any CPU
		{F0F5E736-155F-4D5F-B53E-665F708FD4ED}.Release|Any CPU.ActiveCfg = Release|Any CPU
		{F0F5E736-155F-4D5F-B53E-665F708FD4ED}.Release|Any CPU.Build.0 = Release|Any CPU
		{F0F5E736-155F-4D5F-B53E-665F708FD4ED}.Release|ARM.ActiveCfg = Release|Any CPU
		{F0F5E736-155F-4D5F-B53E-665F708FD4ED}.Release|ARM.Build.0 = Release|Any CPU
		{F0F5E736-155F-4D5F-B53E-665F708FD4ED}.Release|ARM64.ActiveCfg = Release|Any CPU
		{F0F5E736-155F-4D5F-B53E-665F708FD4ED}.Release|ARM64.Build.0 = Release|Any CPU
		{F0F5E736-155F-4D5F-B53E-665F708FD4ED}.Release|x64.ActiveCfg = Release|Any CPU
		{F0F5E736-155F-4D5F-B53E-665F708FD4ED}.Release|x64.Build.0 = Release|Any CPU
		{F0F5E736-155F-4D5F-B53E-665F708FD4ED}.Release|x86.ActiveCfg = Release|Any CPU
		{F0F5E736-155F-4D5F-B53E-665F708FD4ED}.Release|x86.Build.0 = Release|Any CPU
		{E8BEDE94-9066-4113-BF03-CA02BACCDC39}.Debug|Any CPU.ActiveCfg = Debug|Any CPU
		{E8BEDE94-9066-4113-BF03-CA02BACCDC39}.Debug|Any CPU.Build.0 = Debug|Any CPU
		{E8BEDE94-9066-4113-BF03-CA02BACCDC39}.Debug|ARM.ActiveCfg = Debug|Any CPU
		{E8BEDE94-9066-4113-BF03-CA02BACCDC39}.Debug|ARM.Build.0 = Debug|Any CPU
		{E8BEDE94-9066-4113-BF03-CA02BACCDC39}.Debug|ARM64.ActiveCfg = Debug|Any CPU
		{E8BEDE94-9066-4113-BF03-CA02BACCDC39}.Debug|ARM64.Build.0 = Debug|Any CPU
		{E8BEDE94-9066-4113-BF03-CA02BACCDC39}.Debug|x64.ActiveCfg = Debug|Any CPU
		{E8BEDE94-9066-4113-BF03-CA02BACCDC39}.Debug|x64.Build.0 = Debug|Any CPU
		{E8BEDE94-9066-4113-BF03-CA02BACCDC39}.Debug|x86.ActiveCfg = Debug|Any CPU
		{E8BEDE94-9066-4113-BF03-CA02BACCDC39}.Debug|x86.Build.0 = Debug|Any CPU
		{E8BEDE94-9066-4113-BF03-CA02BACCDC39}.Release|Any CPU.ActiveCfg = Release|Any CPU
		{E8BEDE94-9066-4113-BF03-CA02BACCDC39}.Release|Any CPU.Build.0 = Release|Any CPU
		{E8BEDE94-9066-4113-BF03-CA02BACCDC39}.Release|ARM.ActiveCfg = Release|Any CPU
		{E8BEDE94-9066-4113-BF03-CA02BACCDC39}.Release|ARM.Build.0 = Release|Any CPU
		{E8BEDE94-9066-4113-BF03-CA02BACCDC39}.Release|ARM64.ActiveCfg = Release|Any CPU
		{E8BEDE94-9066-4113-BF03-CA02BACCDC39}.Release|ARM64.Build.0 = Release|Any CPU
		{E8BEDE94-9066-4113-BF03-CA02BACCDC39}.Release|x64.ActiveCfg = Release|Any CPU
		{E8BEDE94-9066-4113-BF03-CA02BACCDC39}.Release|x86.ActiveCfg = Release|Any CPU
		{E8BEDE94-9066-4113-BF03-CA02BACCDC39}.Release|x86.Build.0 = Release|Any CPU
		{35C70BEC-D08C-430D-BFCF-264A3879104F}.Debug|Any CPU.ActiveCfg = Debug|Any CPU
		{35C70BEC-D08C-430D-BFCF-264A3879104F}.Debug|Any CPU.Build.0 = Debug|Any CPU
		{35C70BEC-D08C-430D-BFCF-264A3879104F}.Debug|ARM.ActiveCfg = Debug|Any CPU
		{35C70BEC-D08C-430D-BFCF-264A3879104F}.Debug|ARM.Build.0 = Debug|Any CPU
		{35C70BEC-D08C-430D-BFCF-264A3879104F}.Debug|ARM64.ActiveCfg = Debug|Any CPU
		{35C70BEC-D08C-430D-BFCF-264A3879104F}.Debug|ARM64.Build.0 = Debug|Any CPU
		{35C70BEC-D08C-430D-BFCF-264A3879104F}.Debug|x64.ActiveCfg = Debug|Any CPU
		{35C70BEC-D08C-430D-BFCF-264A3879104F}.Debug|x64.Build.0 = Debug|Any CPU
		{35C70BEC-D08C-430D-BFCF-264A3879104F}.Debug|x86.ActiveCfg = Debug|Any CPU
		{35C70BEC-D08C-430D-BFCF-264A3879104F}.Debug|x86.Build.0 = Debug|Any CPU
		{35C70BEC-D08C-430D-BFCF-264A3879104F}.Release|Any CPU.ActiveCfg = Release|Any CPU
		{35C70BEC-D08C-430D-BFCF-264A3879104F}.Release|Any CPU.Build.0 = Release|Any CPU
		{35C70BEC-D08C-430D-BFCF-264A3879104F}.Release|ARM.ActiveCfg = Release|Any CPU
		{35C70BEC-D08C-430D-BFCF-264A3879104F}.Release|ARM.Build.0 = Release|Any CPU
		{35C70BEC-D08C-430D-BFCF-264A3879104F}.Release|ARM64.ActiveCfg = Release|Any CPU
		{35C70BEC-D08C-430D-BFCF-264A3879104F}.Release|ARM64.Build.0 = Release|Any CPU
		{35C70BEC-D08C-430D-BFCF-264A3879104F}.Release|x64.ActiveCfg = Release|Any CPU
		{35C70BEC-D08C-430D-BFCF-264A3879104F}.Release|x64.Build.0 = Release|Any CPU
		{35C70BEC-D08C-430D-BFCF-264A3879104F}.Release|x86.ActiveCfg = Release|Any CPU
		{35C70BEC-D08C-430D-BFCF-264A3879104F}.Release|x86.Build.0 = Release|Any CPU
		{FD200C39-038B-4F39-A7A8-249B6ECE6921}.Debug|Any CPU.ActiveCfg = Debug|Any CPU
		{FD200C39-038B-4F39-A7A8-249B6ECE6921}.Debug|Any CPU.Build.0 = Debug|Any CPU
		{FD200C39-038B-4F39-A7A8-249B6ECE6921}.Debug|ARM.ActiveCfg = Debug|Any CPU
		{FD200C39-038B-4F39-A7A8-249B6ECE6921}.Debug|ARM.Build.0 = Debug|Any CPU
		{FD200C39-038B-4F39-A7A8-249B6ECE6921}.Debug|ARM64.ActiveCfg = Debug|Any CPU
		{FD200C39-038B-4F39-A7A8-249B6ECE6921}.Debug|ARM64.Build.0 = Debug|Any CPU
		{FD200C39-038B-4F39-A7A8-249B6ECE6921}.Debug|x64.ActiveCfg = Debug|Any CPU
		{FD200C39-038B-4F39-A7A8-249B6ECE6921}.Debug|x64.Build.0 = Debug|Any CPU
		{FD200C39-038B-4F39-A7A8-249B6ECE6921}.Debug|x86.ActiveCfg = Debug|Any CPU
		{FD200C39-038B-4F39-A7A8-249B6ECE6921}.Debug|x86.Build.0 = Debug|Any CPU
		{FD200C39-038B-4F39-A7A8-249B6ECE6921}.Release|Any CPU.ActiveCfg = Release|Any CPU
		{FD200C39-038B-4F39-A7A8-249B6ECE6921}.Release|Any CPU.Build.0 = Release|Any CPU
		{FD200C39-038B-4F39-A7A8-249B6ECE6921}.Release|ARM.ActiveCfg = Release|Any CPU
		{FD200C39-038B-4F39-A7A8-249B6ECE6921}.Release|ARM.Build.0 = Release|Any CPU
		{FD200C39-038B-4F39-A7A8-249B6ECE6921}.Release|ARM64.ActiveCfg = Release|Any CPU
		{FD200C39-038B-4F39-A7A8-249B6ECE6921}.Release|ARM64.Build.0 = Release|Any CPU
		{FD200C39-038B-4F39-A7A8-249B6ECE6921}.Release|x64.ActiveCfg = Release|Any CPU
		{FD200C39-038B-4F39-A7A8-249B6ECE6921}.Release|x64.Build.0 = Release|Any CPU
		{FD200C39-038B-4F39-A7A8-249B6ECE6921}.Release|x86.ActiveCfg = Release|Any CPU
		{FD200C39-038B-4F39-A7A8-249B6ECE6921}.Release|x86.Build.0 = Release|Any CPU
		{22096879-8D63-4BBA-A77C-C82506994F8F}.Debug|Any CPU.ActiveCfg = Debug|Any CPU
		{22096879-8D63-4BBA-A77C-C82506994F8F}.Debug|Any CPU.Build.0 = Debug|Any CPU
		{22096879-8D63-4BBA-A77C-C82506994F8F}.Debug|ARM.ActiveCfg = Debug|Any CPU
		{22096879-8D63-4BBA-A77C-C82506994F8F}.Debug|ARM.Build.0 = Debug|Any CPU
		{22096879-8D63-4BBA-A77C-C82506994F8F}.Debug|ARM64.ActiveCfg = Debug|Any CPU
		{22096879-8D63-4BBA-A77C-C82506994F8F}.Debug|ARM64.Build.0 = Debug|Any CPU
		{22096879-8D63-4BBA-A77C-C82506994F8F}.Debug|x64.ActiveCfg = Debug|Any CPU
		{22096879-8D63-4BBA-A77C-C82506994F8F}.Debug|x64.Build.0 = Debug|Any CPU
		{22096879-8D63-4BBA-A77C-C82506994F8F}.Debug|x86.ActiveCfg = Debug|Any CPU
		{22096879-8D63-4BBA-A77C-C82506994F8F}.Debug|x86.Build.0 = Debug|Any CPU
		{22096879-8D63-4BBA-A77C-C82506994F8F}.Release|Any CPU.ActiveCfg = Release|Any CPU
		{22096879-8D63-4BBA-A77C-C82506994F8F}.Release|Any CPU.Build.0 = Release|Any CPU
		{22096879-8D63-4BBA-A77C-C82506994F8F}.Release|ARM.ActiveCfg = Release|Any CPU
		{22096879-8D63-4BBA-A77C-C82506994F8F}.Release|ARM.Build.0 = Release|Any CPU
		{22096879-8D63-4BBA-A77C-C82506994F8F}.Release|ARM64.ActiveCfg = Release|Any CPU
		{22096879-8D63-4BBA-A77C-C82506994F8F}.Release|ARM64.Build.0 = Release|Any CPU
		{22096879-8D63-4BBA-A77C-C82506994F8F}.Release|x64.ActiveCfg = Release|Any CPU
		{22096879-8D63-4BBA-A77C-C82506994F8F}.Release|x64.Build.0 = Release|Any CPU
		{22096879-8D63-4BBA-A77C-C82506994F8F}.Release|x86.ActiveCfg = Release|Any CPU
		{22096879-8D63-4BBA-A77C-C82506994F8F}.Release|x86.Build.0 = Release|Any CPU
		{789E1135-5218-4E29-85E6-08381CF4991A}.Debug|Any CPU.ActiveCfg = Debug|Any CPU
		{789E1135-5218-4E29-85E6-08381CF4991A}.Debug|Any CPU.Build.0 = Debug|Any CPU
		{789E1135-5218-4E29-85E6-08381CF4991A}.Debug|ARM.ActiveCfg = Debug|Any CPU
		{789E1135-5218-4E29-85E6-08381CF4991A}.Debug|ARM.Build.0 = Debug|Any CPU
		{789E1135-5218-4E29-85E6-08381CF4991A}.Debug|ARM64.ActiveCfg = Debug|Any CPU
		{789E1135-5218-4E29-85E6-08381CF4991A}.Debug|ARM64.Build.0 = Debug|Any CPU
		{789E1135-5218-4E29-85E6-08381CF4991A}.Debug|x64.ActiveCfg = Debug|Any CPU
		{789E1135-5218-4E29-85E6-08381CF4991A}.Debug|x64.Build.0 = Debug|Any CPU
		{789E1135-5218-4E29-85E6-08381CF4991A}.Debug|x86.ActiveCfg = Debug|Any CPU
		{789E1135-5218-4E29-85E6-08381CF4991A}.Debug|x86.Build.0 = Debug|Any CPU
		{789E1135-5218-4E29-85E6-08381CF4991A}.Release|Any CPU.ActiveCfg = Release|Any CPU
		{789E1135-5218-4E29-85E6-08381CF4991A}.Release|Any CPU.Build.0 = Release|Any CPU
		{789E1135-5218-4E29-85E6-08381CF4991A}.Release|ARM.ActiveCfg = Release|Any CPU
		{789E1135-5218-4E29-85E6-08381CF4991A}.Release|ARM.Build.0 = Release|Any CPU
		{789E1135-5218-4E29-85E6-08381CF4991A}.Release|ARM64.ActiveCfg = Release|Any CPU
		{789E1135-5218-4E29-85E6-08381CF4991A}.Release|ARM64.Build.0 = Release|Any CPU
		{789E1135-5218-4E29-85E6-08381CF4991A}.Release|x64.ActiveCfg = Release|Any CPU
		{789E1135-5218-4E29-85E6-08381CF4991A}.Release|x64.Build.0 = Release|Any CPU
		{789E1135-5218-4E29-85E6-08381CF4991A}.Release|x86.ActiveCfg = Release|Any CPU
		{789E1135-5218-4E29-85E6-08381CF4991A}.Release|x86.Build.0 = Release|Any CPU
		{18326C80-2CC4-417D-8FEE-EA608ED85636}.Debug|Any CPU.ActiveCfg = Debug|Any CPU
		{18326C80-2CC4-417D-8FEE-EA608ED85636}.Debug|Any CPU.Build.0 = Debug|Any CPU
		{18326C80-2CC4-417D-8FEE-EA608ED85636}.Debug|ARM.ActiveCfg = Debug|Any CPU
		{18326C80-2CC4-417D-8FEE-EA608ED85636}.Debug|ARM.Build.0 = Debug|Any CPU
		{18326C80-2CC4-417D-8FEE-EA608ED85636}.Debug|ARM64.ActiveCfg = Debug|Any CPU
		{18326C80-2CC4-417D-8FEE-EA608ED85636}.Debug|ARM64.Build.0 = Debug|Any CPU
		{18326C80-2CC4-417D-8FEE-EA608ED85636}.Debug|x64.ActiveCfg = Debug|Any CPU
		{18326C80-2CC4-417D-8FEE-EA608ED85636}.Debug|x64.Build.0 = Debug|Any CPU
		{18326C80-2CC4-417D-8FEE-EA608ED85636}.Debug|x86.ActiveCfg = Debug|Any CPU
		{18326C80-2CC4-417D-8FEE-EA608ED85636}.Debug|x86.Build.0 = Debug|Any CPU
		{18326C80-2CC4-417D-8FEE-EA608ED85636}.Release|Any CPU.ActiveCfg = Release|Any CPU
		{18326C80-2CC4-417D-8FEE-EA608ED85636}.Release|Any CPU.Build.0 = Release|Any CPU
		{18326C80-2CC4-417D-8FEE-EA608ED85636}.Release|ARM.ActiveCfg = Release|Any CPU
		{18326C80-2CC4-417D-8FEE-EA608ED85636}.Release|ARM.Build.0 = Release|Any CPU
		{18326C80-2CC4-417D-8FEE-EA608ED85636}.Release|ARM64.ActiveCfg = Release|Any CPU
		{18326C80-2CC4-417D-8FEE-EA608ED85636}.Release|ARM64.Build.0 = Release|Any CPU
		{18326C80-2CC4-417D-8FEE-EA608ED85636}.Release|x64.ActiveCfg = Release|Any CPU
		{18326C80-2CC4-417D-8FEE-EA608ED85636}.Release|x64.Build.0 = Release|Any CPU
		{18326C80-2CC4-417D-8FEE-EA608ED85636}.Release|x86.ActiveCfg = Release|Any CPU
		{18326C80-2CC4-417D-8FEE-EA608ED85636}.Release|x86.Build.0 = Release|Any CPU
	EndGlobalSection
	GlobalSection(SolutionProperties) = preSolution
		HideSolutionNode = FALSE
	EndGlobalSection
	GlobalSection(NestedProjects) = preSolution
		{E6CD36B6-157B-4B89-BCA0-AAAC0E56688A} = {7E50329A-E782-4AF6-B6BE-E0AB3FF26C82}
		{4DFE7BD2-F168-4AE7-B569-C684C1615EA7} = {93925AAF-A197-4A57-A6BD-EDF17C7B1B3C}
		{086669FE-817A-4BD2-84A4-E1D90C667250} = {93925AAF-A197-4A57-A6BD-EDF17C7B1B3C}
		{575091D8-A55C-4794-9F15-120E927C3305} = {93925AAF-A197-4A57-A6BD-EDF17C7B1B3C}
		{CDF87E43-0A6B-48E4-BD94-C44E35592AD4} = {93925AAF-A197-4A57-A6BD-EDF17C7B1B3C}
		{AFC905F1-F4D7-430D-B005-B6B9E01245AF} = {633E509A-26A0-410E-BF83-91201ECBB488}
		{7C9C4206-DEBC-4F4E-9CC1-F44FEFBB27F3} = {633E509A-26A0-410E-BF83-91201ECBB488}
		{78931217-1400-4BFA-BB40-63CE304581EE} = {633E509A-26A0-410E-BF83-91201ECBB488}
		{BDA73C27-6B43-4F77-8D63-6DC8445553FB} = {633E509A-26A0-410E-BF83-91201ECBB488}
		{063FD01E-5FEF-47FE-912E-8ED54FEEA24B} = {7E50329A-E782-4AF6-B6BE-E0AB3FF26C82}
		{2F68091D-B2C5-42AB-9436-E62AB147912C} = {D1E3528C-178C-48E2-96AC-738FD2EBA27F}
		{60581136-811F-494B-8673-936DBACC7570} = {2F68091D-B2C5-42AB-9436-E62AB147912C}
		{CCE8DD57-FCD8-493F-968F-398C0E5EA5A0} = {60581136-811F-494B-8673-936DBACC7570}
		{1D2DF0BC-1801-4C5A-86E5-01B9A92A1B29} = {60581136-811F-494B-8673-936DBACC7570}
		{30E7E7DD-EBC5-45E5-A368-E86E49F79151} = {1D2DF0BC-1801-4C5A-86E5-01B9A92A1B29}
		{142AFFDB-3FA9-47D2-B28A-EC01595CFA19} = {789EF740-5925-4AF1-9E55-3315E731EE8A}
		{789EF740-5925-4AF1-9E55-3315E731EE8A} = {93925AAF-A197-4A57-A6BD-EDF17C7B1B3C}
		{329084C8-82D9-44C9-86DD-FA587C1A6FA4} = {789EF740-5925-4AF1-9E55-3315E731EE8A}
		{2CC3C5E5-DDF4-47D6-8252-3CEDBBCB580E} = {633E509A-26A0-410E-BF83-91201ECBB488}
		{2C48A0F7-1EF0-4AC7-BE71-E16667CF1E10} = {789EF740-5925-4AF1-9E55-3315E731EE8A}
		{F0F5E736-155F-4D5F-B53E-665F708FD4ED} = {93925AAF-A197-4A57-A6BD-EDF17C7B1B3C}
		{E8BEDE94-9066-4113-BF03-CA02BACCDC39} = {633E509A-26A0-410E-BF83-91201ECBB488}
		{35C70BEC-D08C-430D-BFCF-264A3879104F} = {93925AAF-A197-4A57-A6BD-EDF17C7B1B3C}
		{FD200C39-038B-4F39-A7A8-249B6ECE6921} = {93925AAF-A197-4A57-A6BD-EDF17C7B1B3C}
		{22096879-8D63-4BBA-A77C-C82506994F8F} = {7E50329A-E782-4AF6-B6BE-E0AB3FF26C82}
		{789E1135-5218-4E29-85E6-08381CF4991A} = {93925AAF-A197-4A57-A6BD-EDF17C7B1B3C}
		{18326C80-2CC4-417D-8FEE-EA608ED85636} = {086669FE-817A-4BD2-84A4-E1D90C667250}
	EndGlobalSection
	GlobalSection(ExtensibilityGlobals) = postSolution
		SolutionGuid = {B78CF9FE-EE87-47B6-99F7-300B5AEFB5BC}
	EndGlobalSection
EndGlobal
